// !$*UTF8*$!
{
	archiveVersion = 1;
	classes = {
	};
	objectVersion = 46;
	objects = {

/* Begin PBXBuildFile section */
		F5DBBAE3D1F8177E87A66884 /* libPods.a in Frameworks */ = {isa = PBXBuildFile; fileRef = F019EC5863FCE7CD84F342E3 /* libPods.a */; };
		F884A0281C2AD52B000A9F18 /* main.m in Sources */ = {isa = PBXBuildFile; fileRef = F884A0271C2AD52B000A9F18 /* main.m */; };
		F884A02B1C2AD52B000A9F18 /* AppDelegate.m in Sources */ = {isa = PBXBuildFile; fileRef = F884A02A1C2AD52B000A9F18 /* AppDelegate.m */; };
		F884A02E1C2AD52B000A9F18 /* ViewController.m in Sources */ = {isa = PBXBuildFile; fileRef = F884A02D1C2AD52B000A9F18 /* ViewController.m */; };
		F884A0311C2AD52B000A9F18 /* Main.storyboard in Resources */ = {isa = PBXBuildFile; fileRef = F884A02F1C2AD52B000A9F18 /* Main.storyboard */; };
		F884A0331C2AD52B000A9F18 /* Assets.xcassets in Resources */ = {isa = PBXBuildFile; fileRef = F884A0321C2AD52B000A9F18 /* Assets.xcassets */; };
		F884A0361C2AD52B000A9F18 /* LaunchScreen.storyboard in Resources */ = {isa = PBXBuildFile; fileRef = F884A0341C2AD52B000A9F18 /* LaunchScreen.storyboard */; };
		F88F931C1C313C0F008F5602 /* TestModel.m in Sources */ = {isa = PBXBuildFile; fileRef = F88F931B1C313C0F008F5602 /* TestModel.m */; };
		F8F0E7A41C3263E700616554 /* NRDCell.m in Sources */ = {isa = PBXBuildFile; fileRef = F8F0E7621C3263E700616554 /* NRDCell.m */; };
		F8F0E7A51C3263E700616554 /* NRDCellModel.m in Sources */ = {isa = PBXBuildFile; fileRef = F8F0E7651C3263E700616554 /* NRDCellModel.m */; };
		F8F0E7A61C3263E700616554 /* UITableViewCell+NRDKit.m in Sources */ = {isa = PBXBuildFile; fileRef = F8F0E7671C3263E700616554 /* UITableViewCell+NRDKit.m */; };
		F8F0E7A71C3263E700616554 /* NRDImageCell.m in Sources */ = {isa = PBXBuildFile; fileRef = F8F0E76A1C3263E700616554 /* NRDImageCell.m */; };
		F8F0E7A81C3263E700616554 /* NRDImageLabel_D_DetailLabelArrowRightCell.m in Sources */ = {isa = PBXBuildFile; fileRef = F8F0E76C1C3263E700616554 /* NRDImageLabel_D_DetailLabelArrowRightCell.m */; };
		F8F0E7A91C3263E700616554 /* NRDImageLabel_D_DetailLabelCell.m in Sources */ = {isa = PBXBuildFile; fileRef = F8F0E76E1C3263E700616554 /* NRDImageLabel_D_DetailLabelCell.m */; };
		F8F0E7AA1C3263E700616554 /* NRDImageLabelArrowRightCell.m in Sources */ = {isa = PBXBuildFile; fileRef = F8F0E7701C3263E700616554 /* NRDImageLabelArrowRightCell.m */; };
		F8F0E7AB1C3263E700616554 /* NRDImageLabelCell.m in Sources */ = {isa = PBXBuildFile; fileRef = F8F0E7721C3263E700616554 /* NRDImageLabelCell.m */; };
		F8F0E7AC1C3263E700616554 /* NRDImageLabelDetailLabelArrowRightCell.m in Sources */ = {isa = PBXBuildFile; fileRef = F8F0E7741C3263E700616554 /* NRDImageLabelDetailLabelArrowRightCell.m */; };
		F8F0E7AD1C3263E700616554 /* NRDImageLabelDetailLabelCell.m in Sources */ = {isa = PBXBuildFile; fileRef = F8F0E7761C3263E700616554 /* NRDImageLabelDetailLabelCell.m */; };
		F8F0E7AE1C3263E700616554 /* NRDImageSingleBtnSingleBtnCell.m in Sources */ = {isa = PBXBuildFile; fileRef = F8F0E7781C3263E700616554 /* NRDImageSingleBtnSingleBtnCell.m */; };
		F8F0E7AF1C3263E700616554 /* NRDImageTextFieldArrowRightCell.m in Sources */ = {isa = PBXBuildFile; fileRef = F8F0E77A1C3263E700616554 /* NRDImageTextFieldArrowRightCell.m */; };
		F8F0E7B01C3263E700616554 /* NRDImageTextFieldCell.m in Sources */ = {isa = PBXBuildFile; fileRef = F8F0E77C1C3263E700616554 /* NRDImageTextFieldCell.m */; };
		F8F0E7B11C3263E700616554 /* NRDImageTextFieldIdcardCell.m in Sources */ = {isa = PBXBuildFile; fileRef = F8F0E77E1C3263E700616554 /* NRDImageTextFieldIdcardCell.m */; };
		F8F0E7B21C3263E700616554 /* NRDImageTextFieldNumCell.m in Sources */ = {isa = PBXBuildFile; fileRef = F8F0E7801C3263E700616554 /* NRDImageTextFieldNumCell.m */; };
		F8F0E7B31C3263E700616554 /* NRDImageTextFieldPswCell.m in Sources */ = {isa = PBXBuildFile; fileRef = F8F0E7821C3263E700616554 /* NRDImageTextFieldPswCell.m */; };
		F8F0E7B41C3263E700616554 /* NRDLabel_D_DetailLabelArrowRightCell.m in Sources */ = {isa = PBXBuildFile; fileRef = F8F0E7841C3263E700616554 /* NRDLabel_D_DetailLabelArrowRightCell.m */; };
		F8F0E7B51C3263E700616554 /* NRDLabel_D_DetailLabelCell.m in Sources */ = {isa = PBXBuildFile; fileRef = F8F0E7861C3263E700616554 /* NRDLabel_D_DetailLabelCell.m */; };
		F8F0E7B61C3263E700616554 /* NRDLabelArrowRightCell.m in Sources */ = {isa = PBXBuildFile; fileRef = F8F0E7881C3263E700616554 /* NRDLabelArrowRightCell.m */; };
		F8F0E7B71C3263E700616554 /* NRDLabelCell.m in Sources */ = {isa = PBXBuildFile; fileRef = F8F0E78A1C3263E700616554 /* NRDLabelCell.m */; };
		F8F0E7B81C3263E700616554 /* NRDLabelDetailLabelArrowRightCell.m in Sources */ = {isa = PBXBuildFile; fileRef = F8F0E78C1C3263E700616554 /* NRDLabelDetailLabelArrowRightCell.m */; };
		F8F0E7B91C3263E700616554 /* NRDLabelDetailLabelCell.m in Sources */ = {isa = PBXBuildFile; fileRef = F8F0E78E1C3263E700616554 /* NRDLabelDetailLabelCell.m */; };
		F8F0E7BA1C3263E700616554 /* NRDLabelDetailLabelCell0.m in Sources */ = {isa = PBXBuildFile; fileRef = F8F0E7901C3263E700616554 /* NRDLabelDetailLabelCell0.m */; };
		F8F0E7BB1C3263E700616554 /* NRDLabelSingleBtnSingleBtnCell.m in Sources */ = {isa = PBXBuildFile; fileRef = F8F0E7921C3263E700616554 /* NRDLabelSingleBtnSingleBtnCell.m */; };
		F8F0E7BC1C3263E700616554 /* NRDLabelTextFieldArrowRightCell.m in Sources */ = {isa = PBXBuildFile; fileRef = F8F0E7941C3263E700616554 /* NRDLabelTextFieldArrowRightCell.m */; };
		F8F0E7BD1C3263E700616554 /* NRDLabelTextFieldCell.m in Sources */ = {isa = PBXBuildFile; fileRef = F8F0E7961C3263E700616554 /* NRDLabelTextFieldCell.m */; };
		F8F0E7BE1C3263E700616554 /* NRDLabelTextFieldIdcardCell.m in Sources */ = {isa = PBXBuildFile; fileRef = F8F0E7981C3263E700616554 /* NRDLabelTextFieldIdcardCell.m */; };
		F8F0E7BF1C3263E700616554 /* NRDLabelTextFieldNumCell.m in Sources */ = {isa = PBXBuildFile; fileRef = F8F0E79A1C3263E700616554 /* NRDLabelTextFieldNumCell.m */; };
		F8F0E7C01C3263E700616554 /* NRDLabelTextFieldPswCell.m in Sources */ = {isa = PBXBuildFile; fileRef = F8F0E79C1C3263E700616554 /* NRDLabelTextFieldPswCell.m */; };
		F8F0E7C11C3263E700616554 /* singleBtnImage_normal@2x.png in Resources */ = {isa = PBXBuildFile; fileRef = F8F0E79E1C3263E700616554 /* singleBtnImage_normal@2x.png */; };
		F8F0E7C21C3263E700616554 /* singleBtnImage_normal@3x.png in Resources */ = {isa = PBXBuildFile; fileRef = F8F0E79F1C3263E700616554 /* singleBtnImage_normal@3x.png */; };
		F8F0E7C31C3263E700616554 /* singleBtnImage_selected@2x.png in Resources */ = {isa = PBXBuildFile; fileRef = F8F0E7A01C3263E700616554 /* singleBtnImage_selected@2x.png */; };
		F8F0E7C41C3263E700616554 /* singleBtnImage_selected@3x.png in Resources */ = {isa = PBXBuildFile; fileRef = F8F0E7A11C3263E700616554 /* singleBtnImage_selected@3x.png */; };
		F8F0E7C51C3263E700616554 /* NRDTableView.m in Sources */ = {isa = PBXBuildFile; fileRef = F8F0E7A31C3263E700616554 /* NRDTableView.m */; };
/* End PBXBuildFile section */

/* Begin PBXFileReference section */
		6C682B8A9E283CC8C01087B2 /* Pods.debug.xcconfig */ = {isa = PBXFileReference; includeInIndex = 1; lastKnownFileType = text.xcconfig; name = Pods.debug.xcconfig; path = "Pods/Target Support Files/Pods/Pods.debug.xcconfig"; sourceTree = "<group>"; };
		931A578D8F350F784634D9C8 /* Pods.release.xcconfig */ = {isa = PBXFileReference; includeInIndex = 1; lastKnownFileType = text.xcconfig; name = Pods.release.xcconfig; path = "Pods/Target Support Files/Pods/Pods.release.xcconfig"; sourceTree = "<group>"; };
		F019EC5863FCE7CD84F342E3 /* libPods.a */ = {isa = PBXFileReference; explicitFileType = archive.ar; includeInIndex = 0; path = libPods.a; sourceTree = BUILT_PRODUCTS_DIR; };
		F884A0231C2AD52B000A9F18 /* TestSp.app */ = {isa = PBXFileReference; explicitFileType = wrapper.application; includeInIndex = 0; path = TestSp.app; sourceTree = BUILT_PRODUCTS_DIR; };
		F884A0271C2AD52B000A9F18 /* main.m */ = {isa = PBXFileReference; lastKnownFileType = sourcecode.c.objc; path = main.m; sourceTree = "<group>"; };
		F884A0291C2AD52B000A9F18 /* AppDelegate.h */ = {isa = PBXFileReference; lastKnownFileType = sourcecode.c.h; path = AppDelegate.h; sourceTree = "<group>"; };
		F884A02A1C2AD52B000A9F18 /* AppDelegate.m */ = {isa = PBXFileReference; lastKnownFileType = sourcecode.c.objc; path = AppDelegate.m; sourceTree = "<group>"; };
		F884A02C1C2AD52B000A9F18 /* ViewController.h */ = {isa = PBXFileReference; lastKnownFileType = sourcecode.c.h; path = ViewController.h; sourceTree = "<group>"; };
		F884A02D1C2AD52B000A9F18 /* ViewController.m */ = {isa = PBXFileReference; lastKnownFileType = sourcecode.c.objc; path = ViewController.m; sourceTree = "<group>"; };
		F884A0301C2AD52B000A9F18 /* Base */ = {isa = PBXFileReference; lastKnownFileType = file.storyboard; name = Base; path = Base.lproj/Main.storyboard; sourceTree = "<group>"; };
		F884A0321C2AD52B000A9F18 /* Assets.xcassets */ = {isa = PBXFileReference; lastKnownFileType = folder.assetcatalog; path = Assets.xcassets; sourceTree = "<group>"; };
		F884A0351C2AD52B000A9F18 /* Base */ = {isa = PBXFileReference; lastKnownFileType = file.storyboard; name = Base; path = Base.lproj/LaunchScreen.storyboard; sourceTree = "<group>"; };
		F884A0371C2AD52B000A9F18 /* Info.plist */ = {isa = PBXFileReference; lastKnownFileType = text.plist.xml; path = Info.plist; sourceTree = "<group>"; };
		F88F931A1C313C0F008F5602 /* TestModel.h */ = {isa = PBXFileReference; fileEncoding = 4; lastKnownFileType = sourcecode.c.h; path = TestModel.h; sourceTree = "<group>"; };
		F88F931B1C313C0F008F5602 /* TestModel.m */ = {isa = PBXFileReference; fileEncoding = 4; lastKnownFileType = sourcecode.c.objc; path = TestModel.m; sourceTree = "<group>"; };
		F8F0E7611C3263E700616554 /* NRDCell.h */ = {isa = PBXFileReference; fileEncoding = 4; lastKnownFileType = sourcecode.c.h; path = NRDCell.h; sourceTree = "<group>"; };
		F8F0E7621C3263E700616554 /* NRDCell.m */ = {isa = PBXFileReference; fileEncoding = 4; lastKnownFileType = sourcecode.c.objc; path = NRDCell.m; sourceTree = "<group>"; };
		F8F0E7631C3263E700616554 /* NRDCellDefine.h */ = {isa = PBXFileReference; fileEncoding = 4; lastKnownFileType = sourcecode.c.h; path = NRDCellDefine.h; sourceTree = "<group>"; };
		F8F0E7641C3263E700616554 /* NRDCellModel.h */ = {isa = PBXFileReference; fileEncoding = 4; lastKnownFileType = sourcecode.c.h; path = NRDCellModel.h; sourceTree = "<group>"; };
		F8F0E7651C3263E700616554 /* NRDCellModel.m */ = {isa = PBXFileReference; fileEncoding = 4; lastKnownFileType = sourcecode.c.objc; path = NRDCellModel.m; sourceTree = "<group>"; };
		F8F0E7661C3263E700616554 /* UITableViewCell+NRDKit.h */ = {isa = PBXFileReference; fileEncoding = 4; lastKnownFileType = sourcecode.c.h; path = "UITableViewCell+NRDKit.h"; sourceTree = "<group>"; };
		F8F0E7671C3263E700616554 /* UITableViewCell+NRDKit.m */ = {isa = PBXFileReference; fileEncoding = 4; lastKnownFileType = sourcecode.c.objc; path = "UITableViewCell+NRDKit.m"; sourceTree = "<group>"; };
		F8F0E7691C3263E700616554 /* NRDImageCell.h */ = {isa = PBXFileReference; fileEncoding = 4; lastKnownFileType = sourcecode.c.h; path = NRDImageCell.h; sourceTree = "<group>"; };
		F8F0E76A1C3263E700616554 /* NRDImageCell.m */ = {isa = PBXFileReference; fileEncoding = 4; lastKnownFileType = sourcecode.c.objc; path = NRDImageCell.m; sourceTree = "<group>"; };
		F8F0E76B1C3263E700616554 /* NRDImageLabel_D_DetailLabelArrowRightCell.h */ = {isa = PBXFileReference; fileEncoding = 4; lastKnownFileType = sourcecode.c.h; path = NRDImageLabel_D_DetailLabelArrowRightCell.h; sourceTree = "<group>"; };
		F8F0E76C1C3263E700616554 /* NRDImageLabel_D_DetailLabelArrowRightCell.m */ = {isa = PBXFileReference; fileEncoding = 4; lastKnownFileType = sourcecode.c.objc; path = NRDImageLabel_D_DetailLabelArrowRightCell.m; sourceTree = "<group>"; };
		F8F0E76D1C3263E700616554 /* NRDImageLabel_D_DetailLabelCell.h */ = {isa = PBXFileReference; fileEncoding = 4; lastKnownFileType = sourcecode.c.h; path = NRDImageLabel_D_DetailLabelCell.h; sourceTree = "<group>"; };
		F8F0E76E1C3263E700616554 /* NRDImageLabel_D_DetailLabelCell.m */ = {isa = PBXFileReference; fileEncoding = 4; lastKnownFileType = sourcecode.c.objc; path = NRDImageLabel_D_DetailLabelCell.m; sourceTree = "<group>"; };
		F8F0E76F1C3263E700616554 /* NRDImageLabelArrowRightCell.h */ = {isa = PBXFileReference; fileEncoding = 4; lastKnownFileType = sourcecode.c.h; path = NRDImageLabelArrowRightCell.h; sourceTree = "<group>"; };
		F8F0E7701C3263E700616554 /* NRDImageLabelArrowRightCell.m */ = {isa = PBXFileReference; fileEncoding = 4; lastKnownFileType = sourcecode.c.objc; path = NRDImageLabelArrowRightCell.m; sourceTree = "<group>"; };
		F8F0E7711C3263E700616554 /* NRDImageLabelCell.h */ = {isa = PBXFileReference; fileEncoding = 4; lastKnownFileType = sourcecode.c.h; path = NRDImageLabelCell.h; sourceTree = "<group>"; };
		F8F0E7721C3263E700616554 /* NRDImageLabelCell.m */ = {isa = PBXFileReference; fileEncoding = 4; lastKnownFileType = sourcecode.c.objc; path = NRDImageLabelCell.m; sourceTree = "<group>"; };
		F8F0E7731C3263E700616554 /* NRDImageLabelDetailLabelArrowRightCell.h */ = {isa = PBXFileReference; fileEncoding = 4; lastKnownFileType = sourcecode.c.h; path = NRDImageLabelDetailLabelArrowRightCell.h; sourceTree = "<group>"; };
		F8F0E7741C3263E700616554 /* NRDImageLabelDetailLabelArrowRightCell.m */ = {isa = PBXFileReference; fileEncoding = 4; lastKnownFileType = sourcecode.c.objc; path = NRDImageLabelDetailLabelArrowRightCell.m; sourceTree = "<group>"; };
		F8F0E7751C3263E700616554 /* NRDImageLabelDetailLabelCell.h */ = {isa = PBXFileReference; fileEncoding = 4; lastKnownFileType = sourcecode.c.h; path = NRDImageLabelDetailLabelCell.h; sourceTree = "<group>"; };
		F8F0E7761C3263E700616554 /* NRDImageLabelDetailLabelCell.m */ = {isa = PBXFileReference; fileEncoding = 4; lastKnownFileType = sourcecode.c.objc; path = NRDImageLabelDetailLabelCell.m; sourceTree = "<group>"; };
		F8F0E7771C3263E700616554 /* NRDImageSingleBtnSingleBtnCell.h */ = {isa = PBXFileReference; fileEncoding = 4; lastKnownFileType = sourcecode.c.h; path = NRDImageSingleBtnSingleBtnCell.h; sourceTree = "<group>"; };
		F8F0E7781C3263E700616554 /* NRDImageSingleBtnSingleBtnCell.m */ = {isa = PBXFileReference; fileEncoding = 4; lastKnownFileType = sourcecode.c.objc; path = NRDImageSingleBtnSingleBtnCell.m; sourceTree = "<group>"; };
		F8F0E7791C3263E700616554 /* NRDImageTextFieldArrowRightCell.h */ = {isa = PBXFileReference; fileEncoding = 4; lastKnownFileType = sourcecode.c.h; path = NRDImageTextFieldArrowRightCell.h; sourceTree = "<group>"; };
		F8F0E77A1C3263E700616554 /* NRDImageTextFieldArrowRightCell.m */ = {isa = PBXFileReference; fileEncoding = 4; lastKnownFileType = sourcecode.c.objc; path = NRDImageTextFieldArrowRightCell.m; sourceTree = "<group>"; };
		F8F0E77B1C3263E700616554 /* NRDImageTextFieldCell.h */ = {isa = PBXFileReference; fileEncoding = 4; lastKnownFileType = sourcecode.c.h; path = NRDImageTextFieldCell.h; sourceTree = "<group>"; };
		F8F0E77C1C3263E700616554 /* NRDImageTextFieldCell.m */ = {isa = PBXFileReference; fileEncoding = 4; lastKnownFileType = sourcecode.c.objc; path = NRDImageTextFieldCell.m; sourceTree = "<group>"; };
		F8F0E77D1C3263E700616554 /* NRDImageTextFieldIdcardCell.h */ = {isa = PBXFileReference; fileEncoding = 4; lastKnownFileType = sourcecode.c.h; path = NRDImageTextFieldIdcardCell.h; sourceTree = "<group>"; };
		F8F0E77E1C3263E700616554 /* NRDImageTextFieldIdcardCell.m */ = {isa = PBXFileReference; fileEncoding = 4; lastKnownFileType = sourcecode.c.objc; path = NRDImageTextFieldIdcardCell.m; sourceTree = "<group>"; };
		F8F0E77F1C3263E700616554 /* NRDImageTextFieldNumCell.h */ = {isa = PBXFileReference; fileEncoding = 4; lastKnownFileType = sourcecode.c.h; path = NRDImageTextFieldNumCell.h; sourceTree = "<group>"; };
		F8F0E7801C3263E700616554 /* NRDImageTextFieldNumCell.m */ = {isa = PBXFileReference; fileEncoding = 4; lastKnownFileType = sourcecode.c.objc; path = NRDImageTextFieldNumCell.m; sourceTree = "<group>"; };
		F8F0E7811C3263E700616554 /* NRDImageTextFieldPswCell.h */ = {isa = PBXFileReference; fileEncoding = 4; lastKnownFileType = sourcecode.c.h; path = NRDImageTextFieldPswCell.h; sourceTree = "<group>"; };
		F8F0E7821C3263E700616554 /* NRDImageTextFieldPswCell.m */ = {isa = PBXFileReference; fileEncoding = 4; lastKnownFileType = sourcecode.c.objc; path = NRDImageTextFieldPswCell.m; sourceTree = "<group>"; };
		F8F0E7831C3263E700616554 /* NRDLabel_D_DetailLabelArrowRightCell.h */ = {isa = PBXFileReference; fileEncoding = 4; lastKnownFileType = sourcecode.c.h; path = NRDLabel_D_DetailLabelArrowRightCell.h; sourceTree = "<group>"; };
		F8F0E7841C3263E700616554 /* NRDLabel_D_DetailLabelArrowRightCell.m */ = {isa = PBXFileReference; fileEncoding = 4; lastKnownFileType = sourcecode.c.objc; path = NRDLabel_D_DetailLabelArrowRightCell.m; sourceTree = "<group>"; };
		F8F0E7851C3263E700616554 /* NRDLabel_D_DetailLabelCell.h */ = {isa = PBXFileReference; fileEncoding = 4; lastKnownFileType = sourcecode.c.h; path = NRDLabel_D_DetailLabelCell.h; sourceTree = "<group>"; };
		F8F0E7861C3263E700616554 /* NRDLabel_D_DetailLabelCell.m */ = {isa = PBXFileReference; fileEncoding = 4; lastKnownFileType = sourcecode.c.objc; path = NRDLabel_D_DetailLabelCell.m; sourceTree = "<group>"; };
		F8F0E7871C3263E700616554 /* NRDLabelArrowRightCell.h */ = {isa = PBXFileReference; fileEncoding = 4; lastKnownFileType = sourcecode.c.h; path = NRDLabelArrowRightCell.h; sourceTree = "<group>"; };
		F8F0E7881C3263E700616554 /* NRDLabelArrowRightCell.m */ = {isa = PBXFileReference; fileEncoding = 4; lastKnownFileType = sourcecode.c.objc; path = NRDLabelArrowRightCell.m; sourceTree = "<group>"; };
		F8F0E7891C3263E700616554 /* NRDLabelCell.h */ = {isa = PBXFileReference; fileEncoding = 4; lastKnownFileType = sourcecode.c.h; path = NRDLabelCell.h; sourceTree = "<group>"; };
		F8F0E78A1C3263E700616554 /* NRDLabelCell.m */ = {isa = PBXFileReference; fileEncoding = 4; lastKnownFileType = sourcecode.c.objc; path = NRDLabelCell.m; sourceTree = "<group>"; };
		F8F0E78B1C3263E700616554 /* NRDLabelDetailLabelArrowRightCell.h */ = {isa = PBXFileReference; fileEncoding = 4; lastKnownFileType = sourcecode.c.h; path = NRDLabelDetailLabelArrowRightCell.h; sourceTree = "<group>"; };
		F8F0E78C1C3263E700616554 /* NRDLabelDetailLabelArrowRightCell.m */ = {isa = PBXFileReference; fileEncoding = 4; lastKnownFileType = sourcecode.c.objc; path = NRDLabelDetailLabelArrowRightCell.m; sourceTree = "<group>"; };
		F8F0E78D1C3263E700616554 /* NRDLabelDetailLabelCell.h */ = {isa = PBXFileReference; fileEncoding = 4; lastKnownFileType = sourcecode.c.h; path = NRDLabelDetailLabelCell.h; sourceTree = "<group>"; };
		F8F0E78E1C3263E700616554 /* NRDLabelDetailLabelCell.m */ = {isa = PBXFileReference; fileEncoding = 4; lastKnownFileType = sourcecode.c.objc; path = NRDLabelDetailLabelCell.m; sourceTree = "<group>"; };
		F8F0E78F1C3263E700616554 /* NRDLabelDetailLabelCell0.h */ = {isa = PBXFileReference; fileEncoding = 4; lastKnownFileType = sourcecode.c.h; path = NRDLabelDetailLabelCell0.h; sourceTree = "<group>"; };
		F8F0E7901C3263E700616554 /* NRDLabelDetailLabelCell0.m */ = {isa = PBXFileReference; fileEncoding = 4; lastKnownFileType = sourcecode.c.objc; path = NRDLabelDetailLabelCell0.m; sourceTree = "<group>"; };
		F8F0E7911C3263E700616554 /* NRDLabelSingleBtnSingleBtnCell.h */ = {isa = PBXFileReference; fileEncoding = 4; lastKnownFileType = sourcecode.c.h; path = NRDLabelSingleBtnSingleBtnCell.h; sourceTree = "<group>"; };
		F8F0E7921C3263E700616554 /* NRDLabelSingleBtnSingleBtnCell.m */ = {isa = PBXFileReference; fileEncoding = 4; lastKnownFileType = sourcecode.c.objc; path = NRDLabelSingleBtnSingleBtnCell.m; sourceTree = "<group>"; };
		F8F0E7931C3263E700616554 /* NRDLabelTextFieldArrowRightCell.h */ = {isa = PBXFileReference; fileEncoding = 4; lastKnownFileType = sourcecode.c.h; path = NRDLabelTextFieldArrowRightCell.h; sourceTree = "<group>"; };
		F8F0E7941C3263E700616554 /* NRDLabelTextFieldArrowRightCell.m */ = {isa = PBXFileReference; fileEncoding = 4; lastKnownFileType = sourcecode.c.objc; path = NRDLabelTextFieldArrowRightCell.m; sourceTree = "<group>"; };
		F8F0E7951C3263E700616554 /* NRDLabelTextFieldCell.h */ = {isa = PBXFileReference; fileEncoding = 4; lastKnownFileType = sourcecode.c.h; path = NRDLabelTextFieldCell.h; sourceTree = "<group>"; };
		F8F0E7961C3263E700616554 /* NRDLabelTextFieldCell.m */ = {isa = PBXFileReference; fileEncoding = 4; lastKnownFileType = sourcecode.c.objc; path = NRDLabelTextFieldCell.m; sourceTree = "<group>"; };
		F8F0E7971C3263E700616554 /* NRDLabelTextFieldIdcardCell.h */ = {isa = PBXFileReference; fileEncoding = 4; lastKnownFileType = sourcecode.c.h; path = NRDLabelTextFieldIdcardCell.h; sourceTree = "<group>"; };
		F8F0E7981C3263E700616554 /* NRDLabelTextFieldIdcardCell.m */ = {isa = PBXFileReference; fileEncoding = 4; lastKnownFileType = sourcecode.c.objc; path = NRDLabelTextFieldIdcardCell.m; sourceTree = "<group>"; };
		F8F0E7991C3263E700616554 /* NRDLabelTextFieldNumCell.h */ = {isa = PBXFileReference; fileEncoding = 4; lastKnownFileType = sourcecode.c.h; path = NRDLabelTextFieldNumCell.h; sourceTree = "<group>"; };
		F8F0E79A1C3263E700616554 /* NRDLabelTextFieldNumCell.m */ = {isa = PBXFileReference; fileEncoding = 4; lastKnownFileType = sourcecode.c.objc; path = NRDLabelTextFieldNumCell.m; sourceTree = "<group>"; };
		F8F0E79B1C3263E700616554 /* NRDLabelTextFieldPswCell.h */ = {isa = PBXFileReference; fileEncoding = 4; lastKnownFileType = sourcecode.c.h; path = NRDLabelTextFieldPswCell.h; sourceTree = "<group>"; };
		F8F0E79C1C3263E700616554 /* NRDLabelTextFieldPswCell.m */ = {isa = PBXFileReference; fileEncoding = 4; lastKnownFileType = sourcecode.c.objc; path = NRDLabelTextFieldPswCell.m; sourceTree = "<group>"; };
		F8F0E79E1C3263E700616554 /* singleBtnImage_normal@2x.png */ = {isa = PBXFileReference; lastKnownFileType = image.png; path = "singleBtnImage_normal@2x.png"; sourceTree = "<group>"; };
		F8F0E79F1C3263E700616554 /* singleBtnImage_normal@3x.png */ = {isa = PBXFileReference; lastKnownFileType = image.png; path = "singleBtnImage_normal@3x.png"; sourceTree = "<group>"; };
		F8F0E7A01C3263E700616554 /* singleBtnImage_selected@2x.png */ = {isa = PBXFileReference; lastKnownFileType = image.png; path = "singleBtnImage_selected@2x.png"; sourceTree = "<group>"; };
		F8F0E7A11C3263E700616554 /* singleBtnImage_selected@3x.png */ = {isa = PBXFileReference; lastKnownFileType = image.png; path = "singleBtnImage_selected@3x.png"; sourceTree = "<group>"; };
		F8F0E7A21C3263E700616554 /* NRDTableView.h */ = {isa = PBXFileReference; fileEncoding = 4; lastKnownFileType = sourcecode.c.h; path = NRDTableView.h; sourceTree = "<group>"; };
		F8F0E7A31C3263E700616554 /* NRDTableView.m */ = {isa = PBXFileReference; fileEncoding = 4; lastKnownFileType = sourcecode.c.objc; path = NRDTableView.m; sourceTree = "<group>"; };
/* End PBXFileReference section */

/* Begin PBXFrameworksBuildPhase section */
		F884A0201C2AD52B000A9F18 /* Frameworks */ = {
			isa = PBXFrameworksBuildPhase;
			buildActionMask = 2147483647;
			files = (
				F5DBBAE3D1F8177E87A66884 /* libPods.a in Frameworks */,
			);
			runOnlyForDeploymentPostprocessing = 0;
		};
/* End PBXFrameworksBuildPhase section */

/* Begin PBXGroup section */
		1E41C98569674ECAD16E093A /* Frameworks */ = {
			isa = PBXGroup;
			children = (
				F019EC5863FCE7CD84F342E3 /* libPods.a */,
			);
			name = Frameworks;
			sourceTree = "<group>";
		};
		87192B9EB00A052EEED1A22F /* Pods */ = {
			isa = PBXGroup;
			children = (
				6C682B8A9E283CC8C01087B2 /* Pods.debug.xcconfig */,
				931A578D8F350F784634D9C8 /* Pods.release.xcconfig */,
			);
			name = Pods;
			sourceTree = "<group>";
		};
		F884A01A1C2AD52B000A9F18 = {
			isa = PBXGroup;
			children = (
				F884A0251C2AD52B000A9F18 /* TestSp */,
				F884A0241C2AD52B000A9F18 /* Products */,
				87192B9EB00A052EEED1A22F /* Pods */,
				1E41C98569674ECAD16E093A /* Frameworks */,
			);
			sourceTree = "<group>";
		};
		F884A0241C2AD52B000A9F18 /* Products */ = {
			isa = PBXGroup;
			children = (
				F884A0231C2AD52B000A9F18 /* TestSp.app */,
			);
			name = Products;
			sourceTree = "<group>";
		};
		F884A0251C2AD52B000A9F18 /* TestSp */ = {
			isa = PBXGroup;
			children = (
				F8F0E75E1C3263E700616554 /* NRDTableView */,
				F884A0291C2AD52B000A9F18 /* AppDelegate.h */,
				F884A02A1C2AD52B000A9F18 /* AppDelegate.m */,
				F884A02C1C2AD52B000A9F18 /* ViewController.h */,
				F884A02D1C2AD52B000A9F18 /* ViewController.m */,
				F88F931A1C313C0F008F5602 /* TestModel.h */,
				F88F931B1C313C0F008F5602 /* TestModel.m */,
				F884A02F1C2AD52B000A9F18 /* Main.storyboard */,
				F884A0321C2AD52B000A9F18 /* Assets.xcassets */,
				F884A0341C2AD52B000A9F18 /* LaunchScreen.storyboard */,
				F884A0371C2AD52B000A9F18 /* Info.plist */,
				F884A0261C2AD52B000A9F18 /* Supporting Files */,
			);
			path = TestSp;
			sourceTree = "<group>";
		};
		F884A0261C2AD52B000A9F18 /* Supporting Files */ = {
			isa = PBXGroup;
			children = (
				F884A0271C2AD52B000A9F18 /* main.m */,
			);
			name = "Supporting Files";
			sourceTree = "<group>";
		};
		F8F0E75E1C3263E700616554 /* NRDTableView */ = {
			isa = PBXGroup;
			children = (
				F8F0E75F1C3263E700616554 /* NRDCell */,
				F8F0E7A21C3263E700616554 /* NRDTableView.h */,
				F8F0E7A31C3263E700616554 /* NRDTableView.m */,
			);
			path = NRDTableView;
			sourceTree = "<group>";
		};
		F8F0E75F1C3263E700616554 /* NRDCell */ = {
			isa = PBXGroup;
			children = (
				F8F0E7601C3263E700616554 /* Base */,
				F8F0E7681C3263E700616554 /* Cells */,
				F8F0E79D1C3263E700616554 /* Resource */,
			);
			path = NRDCell;
			sourceTree = "<group>";
		};
		F8F0E7601C3263E700616554 /* Base */ = {
			isa = PBXGroup;
			children = (
				F8F0E7611C3263E700616554 /* NRDCell.h */,
				F8F0E7621C3263E700616554 /* NRDCell.m */,
				F8F0E7631C3263E700616554 /* NRDCellDefine.h */,
				F8F0E7641C3263E700616554 /* NRDCellModel.h */,
				F8F0E7651C3263E700616554 /* NRDCellModel.m */,
				F8F0E7661C3263E700616554 /* UITableViewCell+NRDKit.h */,
				F8F0E7671C3263E700616554 /* UITableViewCell+NRDKit.m */,
			);
			path = Base;
			sourceTree = "<group>";
		};
		F8F0E7681C3263E700616554 /* Cells */ = {
			isa = PBXGroup;
			children = (
				F8F0E7691C3263E700616554 /* NRDImageCell.h */,
				F8F0E76A1C3263E700616554 /* NRDImageCell.m */,
				F8F0E76B1C3263E700616554 /* NRDImageLabel_D_DetailLabelArrowRightCell.h */,
				F8F0E76C1C3263E700616554 /* NRDImageLabel_D_DetailLabelArrowRightCell.m */,
				F8F0E76D1C3263E700616554 /* NRDImageLabel_D_DetailLabelCell.h */,
				F8F0E76E1C3263E700616554 /* NRDImageLabel_D_DetailLabelCell.m */,
				F8F0E76F1C3263E700616554 /* NRDImageLabelArrowRightCell.h */,
				F8F0E7701C3263E700616554 /* NRDImageLabelArrowRightCell.m */,
				F8F0E7711C3263E700616554 /* NRDImageLabelCell.h */,
				F8F0E7721C3263E700616554 /* NRDImageLabelCell.m */,
				F8F0E7731C3263E700616554 /* NRDImageLabelDetailLabelArrowRightCell.h */,
				F8F0E7741C3263E700616554 /* NRDImageLabelDetailLabelArrowRightCell.m */,
				F8F0E7751C3263E700616554 /* NRDImageLabelDetailLabelCell.h */,
				F8F0E7761C3263E700616554 /* NRDImageLabelDetailLabelCell.m */,
				F8F0E7771C3263E700616554 /* NRDImageSingleBtnSingleBtnCell.h */,
				F8F0E7781C3263E700616554 /* NRDImageSingleBtnSingleBtnCell.m */,
				F8F0E7791C3263E700616554 /* NRDImageTextFieldArrowRightCell.h */,
				F8F0E77A1C3263E700616554 /* NRDImageTextFieldArrowRightCell.m */,
				F8F0E77B1C3263E700616554 /* NRDImageTextFieldCell.h */,
				F8F0E77C1C3263E700616554 /* NRDImageTextFieldCell.m */,
				F8F0E77D1C3263E700616554 /* NRDImageTextFieldIdcardCell.h */,
				F8F0E77E1C3263E700616554 /* NRDImageTextFieldIdcardCell.m */,
				F8F0E77F1C3263E700616554 /* NRDImageTextFieldNumCell.h */,
				F8F0E7801C3263E700616554 /* NRDImageTextFieldNumCell.m */,
				F8F0E7811C3263E700616554 /* NRDImageTextFieldPswCell.h */,
				F8F0E7821C3263E700616554 /* NRDImageTextFieldPswCell.m */,
				F8F0E7831C3263E700616554 /* NRDLabel_D_DetailLabelArrowRightCell.h */,
				F8F0E7841C3263E700616554 /* NRDLabel_D_DetailLabelArrowRightCell.m */,
				F8F0E7851C3263E700616554 /* NRDLabel_D_DetailLabelCell.h */,
				F8F0E7861C3263E700616554 /* NRDLabel_D_DetailLabelCell.m */,
				F8F0E7871C3263E700616554 /* NRDLabelArrowRightCell.h */,
				F8F0E7881C3263E700616554 /* NRDLabelArrowRightCell.m */,
				F8F0E7891C3263E700616554 /* NRDLabelCell.h */,
				F8F0E78A1C3263E700616554 /* NRDLabelCell.m */,
				F8F0E78B1C3263E700616554 /* NRDLabelDetailLabelArrowRightCell.h */,
				F8F0E78C1C3263E700616554 /* NRDLabelDetailLabelArrowRightCell.m */,
				F8F0E78D1C3263E700616554 /* NRDLabelDetailLabelCell.h */,
				F8F0E78E1C3263E700616554 /* NRDLabelDetailLabelCell.m */,
				F8F0E78F1C3263E700616554 /* NRDLabelDetailLabelCell0.h */,
				F8F0E7901C3263E700616554 /* NRDLabelDetailLabelCell0.m */,
				F8F0E7911C3263E700616554 /* NRDLabelSingleBtnSingleBtnCell.h */,
				F8F0E7921C3263E700616554 /* NRDLabelSingleBtnSingleBtnCell.m */,
				F8F0E7931C3263E700616554 /* NRDLabelTextFieldArrowRightCell.h */,
				F8F0E7941C3263E700616554 /* NRDLabelTextFieldArrowRightCell.m */,
				F8F0E7951C3263E700616554 /* NRDLabelTextFieldCell.h */,
				F8F0E7961C3263E700616554 /* NRDLabelTextFieldCell.m */,
				F8F0E7971C3263E700616554 /* NRDLabelTextFieldIdcardCell.h */,
				F8F0E7981C3263E700616554 /* NRDLabelTextFieldIdcardCell.m */,
				F8F0E7991C3263E700616554 /* NRDLabelTextFieldNumCell.h */,
				F8F0E79A1C3263E700616554 /* NRDLabelTextFieldNumCell.m */,
				F8F0E79B1C3263E700616554 /* NRDLabelTextFieldPswCell.h */,
				F8F0E79C1C3263E700616554 /* NRDLabelTextFieldPswCell.m */,
			);
			path = Cells;
			sourceTree = "<group>";
		};
		F8F0E79D1C3263E700616554 /* Resource */ = {
			isa = PBXGroup;
			children = (
				F8F0E79E1C3263E700616554 /* singleBtnImage_normal@2x.png */,
				F8F0E79F1C3263E700616554 /* singleBtnImage_normal@3x.png */,
				F8F0E7A01C3263E700616554 /* singleBtnImage_selected@2x.png */,
				F8F0E7A11C3263E700616554 /* singleBtnImage_selected@3x.png */,
			);
			path = Resource;
			sourceTree = "<group>";
		};
/* End PBXGroup section */

/* Begin PBXNativeTarget section */
		F884A0221C2AD52B000A9F18 /* TestSp */ = {
			isa = PBXNativeTarget;
			buildConfigurationList = F884A03A1C2AD52B000A9F18 /* Build configuration list for PBXNativeTarget "TestSp" */;
			buildPhases = (
				3953D754C8C24C9246092B07 /* Check Pods Manifest.lock */,
				F884A01F1C2AD52B000A9F18 /* Sources */,
				F884A0201C2AD52B000A9F18 /* Frameworks */,
				F884A0211C2AD52B000A9F18 /* Resources */,
				F293E2DF341F51F8811F6AC0 /* Embed Pods Frameworks */,
				293B596E0D18A658A05F8461 /* Copy Pods Resources */,
			);
			buildRules = (
			);
			dependencies = (
			);
			name = TestSp;
			productName = TestSp;
			productReference = F884A0231C2AD52B000A9F18 /* TestSp.app */;
			productType = "com.apple.product-type.application";
		};
/* End PBXNativeTarget section */

/* Begin PBXProject section */
		F884A01B1C2AD52B000A9F18 /* Project object */ = {
			isa = PBXProject;
			attributes = {
				LastUpgradeCheck = 0720;
				ORGANIZATIONNAME = wyh;
				TargetAttributes = {
					F884A0221C2AD52B000A9F18 = {
						CreatedOnToolsVersion = 7.2;
						DevelopmentTeam = UA8V3Z3VD7;
					};
				};
			};
			buildConfigurationList = F884A01E1C2AD52B000A9F18 /* Build configuration list for PBXProject "TestSp" */;
			compatibilityVersion = "Xcode 3.2";
			developmentRegion = English;
			hasScannedForEncodings = 0;
			knownRegions = (
				en,
				Base,
			);
			mainGroup = F884A01A1C2AD52B000A9F18;
			productRefGroup = F884A0241C2AD52B000A9F18 /* Products */;
			projectDirPath = "";
			projectRoot = "";
			targets = (
				F884A0221C2AD52B000A9F18 /* TestSp */,
			);
		};
/* End PBXProject section */

/* Begin PBXResourcesBuildPhase section */
		F884A0211C2AD52B000A9F18 /* Resources */ = {
			isa = PBXResourcesBuildPhase;
			buildActionMask = 2147483647;
			files = (
				F884A0361C2AD52B000A9F18 /* LaunchScreen.storyboard in Resources */,
				F8F0E7C21C3263E700616554 /* singleBtnImage_normal@3x.png in Resources */,
				F8F0E7C41C3263E700616554 /* singleBtnImage_selected@3x.png in Resources */,
				F884A0331C2AD52B000A9F18 /* Assets.xcassets in Resources */,
				F8F0E7C11C3263E700616554 /* singleBtnImage_normal@2x.png in Resources */,
				F8F0E7C31C3263E700616554 /* singleBtnImage_selected@2x.png in Resources */,
				F884A0311C2AD52B000A9F18 /* Main.storyboard in Resources */,
			);
			runOnlyForDeploymentPostprocessing = 0;
		};
/* End PBXResourcesBuildPhase section */

/* Begin PBXShellScriptBuildPhase section */
		293B596E0D18A658A05F8461 /* Copy Pods Resources */ = {
			isa = PBXShellScriptBuildPhase;
			buildActionMask = 2147483647;
			files = (
			);
			inputPaths = (
			);
			name = "Copy Pods Resources";
			outputPaths = (
			);
			runOnlyForDeploymentPostprocessing = 0;
			shellPath = /bin/sh;
			shellScript = "\"${SRCROOT}/Pods/Target Support Files/Pods/Pods-resources.sh\"\n";
			showEnvVarsInLog = 0;
		};
		3953D754C8C24C9246092B07 /* Check Pods Manifest.lock */ = {
			isa = PBXShellScriptBuildPhase;
			buildActionMask = 2147483647;
			files = (
			);
			inputPaths = (
			);
			name = "Check Pods Manifest.lock";
			outputPaths = (
			);
			runOnlyForDeploymentPostprocessing = 0;
			shellPath = /bin/sh;
			shellScript = "diff \"${PODS_ROOT}/../Podfile.lock\" \"${PODS_ROOT}/Manifest.lock\" > /dev/null\nif [[ $? != 0 ]] ; then\n    cat << EOM\nerror: The sandbox is not in sync with the Podfile.lock. Run 'pod install' or update your CocoaPods installation.\nEOM\n    exit 1\nfi\n";
			showEnvVarsInLog = 0;
		};
		F293E2DF341F51F8811F6AC0 /* Embed Pods Frameworks */ = {
			isa = PBXShellScriptBuildPhase;
			buildActionMask = 2147483647;
			files = (
			);
			inputPaths = (
			);
			name = "Embed Pods Frameworks";
			outputPaths = (
			);
			runOnlyForDeploymentPostprocessing = 0;
			shellPath = /bin/sh;
			shellScript = "\"${SRCROOT}/Pods/Target Support Files/Pods/Pods-frameworks.sh\"\n";
			showEnvVarsInLog = 0;
		};
/* End PBXShellScriptBuildPhase section */

/* Begin PBXSourcesBuildPhase section */
		F884A01F1C2AD52B000A9F18 /* Sources */ = {
			isa = PBXSourcesBuildPhase;
			buildActionMask = 2147483647;
			files = (
				F8F0E7B51C3263E700616554 /* NRDLabel_D_DetailLabelCell.m in Sources */,
				F8F0E7AA1C3263E700616554 /* NRDImageLabelArrowRightCell.m in Sources */,
				F8F0E7B81C3263E700616554 /* NRDLabelDetailLabelArrowRightCell.m in Sources */,
				F8F0E7A91C3263E700616554 /* NRDImageLabel_D_DetailLabelCell.m in Sources */,
				F8F0E7A81C3263E700616554 /* NRDImageLabel_D_DetailLabelArrowRightCell.m in Sources */,
				F8F0E7A71C3263E700616554 /* NRDImageCell.m in Sources */,
				F8F0E7C01C3263E700616554 /* NRDLabelTextFieldPswCell.m in Sources */,
				F8F0E7A61C3263E700616554 /* UITableViewCell+NRDKit.m in Sources */,
				F8F0E7B01C3263E700616554 /* NRDImageTextFieldCell.m in Sources */,
				F8F0E7AE1C3263E700616554 /* NRDImageSingleBtnSingleBtnCell.m in Sources */,
				F8F0E7B11C3263E700616554 /* NRDImageTextFieldIdcardCell.m in Sources */,
				F8F0E7A51C3263E700616554 /* NRDCellModel.m in Sources */,
				F8F0E7BD1C3263E700616554 /* NRDLabelTextFieldCell.m in Sources */,
				F8F0E7BE1C3263E700616554 /* NRDLabelTextFieldIdcardCell.m in Sources */,
				F8F0E7A41C3263E700616554 /* NRDCell.m in Sources */,
				F884A02E1C2AD52B000A9F18 /* ViewController.m in Sources */,
				F8F0E7B31C3263E700616554 /* NRDImageTextFieldPswCell.m in Sources */,
				F8F0E7B61C3263E700616554 /* NRDLabelArrowRightCell.m in Sources */,
				F884A02B1C2AD52B000A9F18 /* AppDelegate.m in Sources */,
				F8F0E7BF1C3263E700616554 /* NRDLabelTextFieldNumCell.m in Sources */,
				F8F0E7BA1C3263E700616554 /* NRDLabelDetailLabelCell0.m in Sources */,
				F8F0E7AB1C3263E700616554 /* NRDImageLabelCell.m in Sources */,
				F884A0281C2AD52B000A9F18 /* main.m in Sources */,
				F88F931C1C313C0F008F5602 /* TestModel.m in Sources */,
				F8F0E7BC1C3263E700616554 /* NRDLabelTextFieldArrowRightCell.m in Sources */,
				F8F0E7B41C3263E700616554 /* NRDLabel_D_DetailLabelArrowRightCell.m in Sources */,
				F8F0E7C51C3263E700616554 /* NRDTableView.m in Sources */,
				F8F0E7B21C3263E700616554 /* NRDImageTextFieldNumCell.m in Sources */,
				F8F0E7B91C3263E700616554 /* NRDLabelDetailLabelCell.m in Sources */,
				F8F0E7AC1C3263E700616554 /* NRDImageLabelDetailLabelArrowRightCell.m in Sources */,
				F8F0E7B71C3263E700616554 /* NRDLabelCell.m in Sources */,
				F8F0E7AD1C3263E700616554 /* NRDImageLabelDetailLabelCell.m in Sources */,
				F8F0E7BB1C3263E700616554 /* NRDLabelSingleBtnSingleBtnCell.m in Sources */,
				F8F0E7AF1C3263E700616554 /* NRDImageTextFieldArrowRightCell.m in Sources */,
			);
			runOnlyForDeploymentPostprocessing = 0;
		};
/* End PBXSourcesBuildPhase section */

/* Begin PBXVariantGroup section */
		F884A02F1C2AD52B000A9F18 /* Main.storyboard */ = {
			isa = PBXVariantGroup;
			children = (
				F884A0301C2AD52B000A9F18 /* Base */,
			);
			name = Main.storyboard;
			sourceTree = "<group>";
		};
		F884A0341C2AD52B000A9F18 /* LaunchScreen.storyboard */ = {
			isa = PBXVariantGroup;
			children = (
				F884A0351C2AD52B000A9F18 /* Base */,
			);
			name = LaunchScreen.storyboard;
			sourceTree = "<group>";
		};
/* End PBXVariantGroup section */

/* Begin XCBuildConfiguration section */
		F884A0381C2AD52B000A9F18 /* Debug */ = {
			isa = XCBuildConfiguration;
			buildSettings = {
				ALWAYS_SEARCH_USER_PATHS = NO;
				CLANG_CXX_LANGUAGE_STANDARD = "gnu++0x";
				CLANG_CXX_LIBRARY = "libc++";
				CLANG_ENABLE_MODULES = YES;
				CLANG_ENABLE_OBJC_ARC = YES;
				CLANG_WARN_BOOL_CONVERSION = YES;
				CLANG_WARN_CONSTANT_CONVERSION = YES;
				CLANG_WARN_DIRECT_OBJC_ISA_USAGE = YES_ERROR;
				CLANG_WARN_EMPTY_BODY = YES;
				CLANG_WARN_ENUM_CONVERSION = YES;
				CLANG_WARN_INT_CONVERSION = YES;
				CLANG_WARN_OBJC_ROOT_CLASS = YES_ERROR;
				CLANG_WARN_UNREACHABLE_CODE = YES;
				CLANG_WARN__DUPLICATE_METHOD_MATCH = YES;
				"CODE_SIGN_IDENTITY[sdk=iphoneos*]" = "iPhone Developer";
				COPY_PHASE_STRIP = NO;
				DEBUG_INFORMATION_FORMAT = dwarf;
				ENABLE_STRICT_OBJC_MSGSEND = YES;
				ENABLE_TESTABILITY = YES;
				GCC_C_LANGUAGE_STANDARD = gnu99;
				GCC_DYNAMIC_NO_PIC = NO;
				GCC_NO_COMMON_BLOCKS = YES;
				GCC_OPTIMIZATION_LEVEL = 0;
				GCC_PREPROCESSOR_DEFINITIONS = (
					"DEBUG=1",
					"$(inherited)",
				);
				GCC_WARN_64_TO_32_BIT_CONVERSION = YES;
				GCC_WARN_ABOUT_RETURN_TYPE = YES_ERROR;
				GCC_WARN_UNDECLARED_SELECTOR = YES;
				GCC_WARN_UNINITIALIZED_AUTOS = YES_AGGRESSIVE;
				GCC_WARN_UNUSED_FUNCTION = YES;
				GCC_WARN_UNUSED_VARIABLE = YES;
				IPHONEOS_DEPLOYMENT_TARGET = 9.2;
				MTL_ENABLE_DEBUG_INFO = YES;
				ONLY_ACTIVE_ARCH = YES;
				SDKROOT = iphoneos;
			};
			name = Debug;
		};
		F884A0391C2AD52B000A9F18 /* Release */ = {
			isa = XCBuildConfiguration;
			buildSettings = {
				ALWAYS_SEARCH_USER_PATHS = NO;
				CLANG_CXX_LANGUAGE_STANDARD = "gnu++0x";
				CLANG_CXX_LIBRARY = "libc++";
				CLANG_ENABLE_MODULES = YES;
				CLANG_ENABLE_OBJC_ARC = YES;
				CLANG_WARN_BOOL_CONVERSION = YES;
				CLANG_WARN_CONSTANT_CONVERSION = YES;
				CLANG_WARN_DIRECT_OBJC_ISA_USAGE = YES_ERROR;
				CLANG_WARN_EMPTY_BODY = YES;
				CLANG_WARN_ENUM_CONVERSION = YES;
				CLANG_WARN_INT_CONVERSION = YES;
				CLANG_WARN_OBJC_ROOT_CLASS = YES_ERROR;
				CLANG_WARN_UNREACHABLE_CODE = YES;
				CLANG_WARN__DUPLICATE_METHOD_MATCH = YES;
				"CODE_SIGN_IDENTITY[sdk=iphoneos*]" = "iPhone Developer";
				COPY_PHASE_STRIP = NO;
				DEBUG_INFORMATION_FORMAT = "dwarf-with-dsym";
				ENABLE_NS_ASSERTIONS = NO;
				ENABLE_STRICT_OBJC_MSGSEND = YES;
				GCC_C_LANGUAGE_STANDARD = gnu99;
				GCC_NO_COMMON_BLOCKS = YES;
				GCC_WARN_64_TO_32_BIT_CONVERSION = YES;
				GCC_WARN_ABOUT_RETURN_TYPE = YES_ERROR;
				GCC_WARN_UNDECLARED_SELECTOR = YES;
				GCC_WARN_UNINITIALIZED_AUTOS = YES_AGGRESSIVE;
				GCC_WARN_UNUSED_FUNCTION = YES;
				GCC_WARN_UNUSED_VARIABLE = YES;
				IPHONEOS_DEPLOYMENT_TARGET = 9.2;
				MTL_ENABLE_DEBUG_INFO = NO;
				SDKROOT = iphoneos;
				VALIDATE_PRODUCT = YES;
			};
			name = Release;
		};
		F884A03B1C2AD52B000A9F18 /* Debug */ = {
			isa = XCBuildConfiguration;
			baseConfigurationReference = 6C682B8A9E283CC8C01087B2 /* Pods.debug.xcconfig */;
			buildSettings = {
				ASSETCATALOG_COMPILER_APPICON_NAME = AppIcon;
				INFOPLIST_FILE = TestSp/Info.plist;
				LD_RUNPATH_SEARCH_PATHS = "$(inherited) @executable_path/Frameworks";
				PRODUCT_BUNDLE_IDENTIFIER = com.wyh.TestSp;
				PRODUCT_NAME = "$(TARGET_NAME)";
			};
			name = Debug;
		};
		F884A03C1C2AD52B000A9F18 /* Release */ = {
			isa = XCBuildConfiguration;
			baseConfigurationReference = 931A578D8F350F784634D9C8 /* Pods.release.xcconfig */;
			buildSettings = {
				ASSETCATALOG_COMPILER_APPICON_NAME = AppIcon;
				INFOPLIST_FILE = TestSp/Info.plist;
				LD_RUNPATH_SEARCH_PATHS = "$(inherited) @executable_path/Frameworks";
				PRODUCT_BUNDLE_IDENTIFIER = com.wyh.TestSp;
				PRODUCT_NAME = "$(TARGET_NAME)";
			};
			name = Release;
		};
/* End XCBuildConfiguration section */

/* Begin XCConfigurationList section */
		F884A01E1C2AD52B000A9F18 /* Build configuration list for PBXProject "TestSp" */ = {
			isa = XCConfigurationList;
			buildConfigurations = (
				F884A0381C2AD52B000A9F18 /* Debug */,
				F884A0391C2AD52B000A9F18 /* Release */,
			);
			defaultConfigurationIsVisible = 0;
			defaultConfigurationName = Release;
		};
		F884A03A1C2AD52B000A9F18 /* Build configuration list for PBXNativeTarget "TestSp" */ = {
			isa = XCConfigurationList;
			buildConfigurations = (
				F884A03B1C2AD52B000A9F18 /* Debug */,
				F884A03C1C2AD52B000A9F18 /* Release */,
			);
			defaultConfigurationIsVisible = 0;
			defaultConfigurationName = Release;
		};
/* End XCConfigurationList section */
	};
	rootObject = F884A01B1C2AD52B000A9F18 /* Project object */;
}
