// !$*UTF8*$!
{
	archiveVersion = 1;
	classes = {
	};
	objectVersion = 46;
	objects = {

/* Begin PBXBuildFile section */
		F5DBBAE3D1F8177E87A66884 /* libPods.a in Frameworks */ = {isa = PBXBuildFile; fileRef = F019EC5863FCE7CD84F342E3 /* libPods.a */; };
		F850857D1C3A929F0036231A /* cellArrowRight@2x.png in Resources */ = {isa = PBXBuildFile; fileRef = F850857C1C3A929F0036231A /* cellArrowRight@2x.png */; };
		F85085801C3B57710036231A /* PersonalInfoVerifyTV.m in Sources */ = {isa = PBXBuildFile; fileRef = F850857F1C3B57710036231A /* PersonalInfoVerifyTV.m */; };
		F85085861C3B64EF0036231A /* NRDCell.m in Sources */ = {isa = PBXBuildFile; fileRef = F85085851C3B64EF0036231A /* NRDCell.m */; };
		F85085891C3B69F10036231A /* NRDDisplayCell.m in Sources */ = {isa = PBXBuildFile; fileRef = F85085881C3B69F10036231A /* NRDDisplayCell.m */; };
		F85085C11C3B6BF10036231A /* NRDFormImageCell.m in Sources */ = {isa = PBXBuildFile; fileRef = F850858C1C3B6BF10036231A /* NRDFormImageCell.m */; };
		F85085C21C3B6BF10036231A /* NRDFormLabelCell.m in Sources */ = {isa = PBXBuildFile; fileRef = F850858E1C3B6BF10036231A /* NRDFormLabelCell.m */; };
		F85085C31C3B6BF10036231A /* NRDImageLabel_D_DetailLabelArrowRightCell.m in Sources */ = {isa = PBXBuildFile; fileRef = F85085911C3B6BF10036231A /* NRDImageLabel_D_DetailLabelArrowRightCell.m */; };
		F85085C41C3B6BF10036231A /* NRDImageLabel_D_DetailLabelCell.m in Sources */ = {isa = PBXBuildFile; fileRef = F85085931C3B6BF10036231A /* NRDImageLabel_D_DetailLabelCell.m */; };
		F85085C51C3B6BF10036231A /* NRDImageLabelArrowRightCell.m in Sources */ = {isa = PBXBuildFile; fileRef = F85085951C3B6BF10036231A /* NRDImageLabelArrowRightCell.m */; };
		F85085C61C3B6BF10036231A /* NRDImageLabelCell.m in Sources */ = {isa = PBXBuildFile; fileRef = F85085971C3B6BF10036231A /* NRDImageLabelCell.m */; };
		F85085C71C3B6BF10036231A /* NRDImageLabelDetailLabelArrowRightCell.m in Sources */ = {isa = PBXBuildFile; fileRef = F85085991C3B6BF10036231A /* NRDImageLabelDetailLabelArrowRightCell.m */; };
		F85085C81C3B6BF10036231A /* NRDImageLabelDetailLabelCell.m in Sources */ = {isa = PBXBuildFile; fileRef = F850859B1C3B6BF10036231A /* NRDImageLabelDetailLabelCell.m */; };
		F85085C91C3B6BF10036231A /* NRDLabel_D_DetailLabelArrowRightCell.m in Sources */ = {isa = PBXBuildFile; fileRef = F850859D1C3B6BF10036231A /* NRDLabel_D_DetailLabelArrowRightCell.m */; };
		F85085CA1C3B6BF10036231A /* NRDLabel_D_DetailLabelCell.m in Sources */ = {isa = PBXBuildFile; fileRef = F850859F1C3B6BF10036231A /* NRDLabel_D_DetailLabelCell.m */; };
		F85085CB1C3B6BF10036231A /* NRDLabelArrowRightCell.m in Sources */ = {isa = PBXBuildFile; fileRef = F85085A11C3B6BF10036231A /* NRDLabelArrowRightCell.m */; };
		F85085CC1C3B6BF10036231A /* NRDLabelDetailLabelArrowRightCell.m in Sources */ = {isa = PBXBuildFile; fileRef = F85085A31C3B6BF10036231A /* NRDLabelDetailLabelArrowRightCell.m */; };
		F85085CD1C3B6BF10036231A /* NRDLabelDetailLabelCell.m in Sources */ = {isa = PBXBuildFile; fileRef = F85085A51C3B6BF10036231A /* NRDLabelDetailLabelCell.m */; };
		F85085CE1C3B6BF10036231A /* NRDLabelDetailLabelCell0.m in Sources */ = {isa = PBXBuildFile; fileRef = F85085A71C3B6BF10036231A /* NRDLabelDetailLabelCell0.m */; };
		F85085CF1C3B6BF10036231A /* NRDImageSingleBtnSingleBtnCell.m in Sources */ = {isa = PBXBuildFile; fileRef = F85085AA1C3B6BF10036231A /* NRDImageSingleBtnSingleBtnCell.m */; };
		F85085D01C3B6BF10036231A /* NRDImageTextFieldArrowRightCell.m in Sources */ = {isa = PBXBuildFile; fileRef = F85085AC1C3B6BF10036231A /* NRDImageTextFieldArrowRightCell.m */; };
		F85085D11C3B6BF10036231A /* NRDImageTextFieldCell.m in Sources */ = {isa = PBXBuildFile; fileRef = F85085AE1C3B6BF10036231A /* NRDImageTextFieldCell.m */; };
		F85085D21C3B6BF10036231A /* NRDImageTextFieldIdcardCell.m in Sources */ = {isa = PBXBuildFile; fileRef = F85085B01C3B6BF10036231A /* NRDImageTextFieldIdcardCell.m */; };
		F85085D31C3B6BF10036231A /* NRDImageTextFieldNumCell.m in Sources */ = {isa = PBXBuildFile; fileRef = F85085B21C3B6BF10036231A /* NRDImageTextFieldNumCell.m */; };
		F85085D41C3B6BF10036231A /* NRDImageTextFieldPswCell.m in Sources */ = {isa = PBXBuildFile; fileRef = F85085B41C3B6BF10036231A /* NRDImageTextFieldPswCell.m */; };
		F85085D51C3B6BF10036231A /* NRDLabelSingleBtnSingleBtnCell.m in Sources */ = {isa = PBXBuildFile; fileRef = F85085B61C3B6BF10036231A /* NRDLabelSingleBtnSingleBtnCell.m */; };
		F85085D61C3B6BF10036231A /* NRDLabelTextFieldArrowRightCell.m in Sources */ = {isa = PBXBuildFile; fileRef = F85085B81C3B6BF10036231A /* NRDLabelTextFieldArrowRightCell.m */; };
		F85085D71C3B6BF10036231A /* NRDLabelTextFieldCell.m in Sources */ = {isa = PBXBuildFile; fileRef = F85085BA1C3B6BF10036231A /* NRDLabelTextFieldCell.m */; };
		F85085D81C3B6BF10036231A /* NRDLabelTextFieldIdcardCell.m in Sources */ = {isa = PBXBuildFile; fileRef = F85085BC1C3B6BF10036231A /* NRDLabelTextFieldIdcardCell.m */; };
		F85085D91C3B6BF10036231A /* NRDLabelTextFieldNumCell.m in Sources */ = {isa = PBXBuildFile; fileRef = F85085BE1C3B6BF10036231A /* NRDLabelTextFieldNumCell.m */; };
		F85085DA1C3B6BF10036231A /* NRDLabelTextFieldPswCell.m in Sources */ = {isa = PBXBuildFile; fileRef = F85085C01C3B6BF10036231A /* NRDLabelTextFieldPswCell.m */; };
		F85085DD1C3B6DFF0036231A /* NRDDisplayImageCell.m in Sources */ = {isa = PBXBuildFile; fileRef = F85085DC1C3B6DFF0036231A /* NRDDisplayImageCell.m */; };
		F85085E01C3B73B60036231A /* NRDDisplayLabelCell.m in Sources */ = {isa = PBXBuildFile; fileRef = F85085DF1C3B73B60036231A /* NRDDisplayLabelCell.m */; };
		F85085E31C3B957B0036231A /* NRDSection.m in Sources */ = {isa = PBXBuildFile; fileRef = F85085E21C3B957B0036231A /* NRDSection.m */; };
		F85085E71C3B96600036231A /* NRDHorzLineSection.m in Sources */ = {isa = PBXBuildFile; fileRef = F85085E61C3B96600036231A /* NRDHorzLineSection.m */; };
		F85085EA1C3B968F0036231A /* NRDNormalSection.m in Sources */ = {isa = PBXBuildFile; fileRef = F85085E91C3B968F0036231A /* NRDNormalSection.m */; };
		F85085ED1C3B96C50036231A /* NRDSectionModel.m in Sources */ = {isa = PBXBuildFile; fileRef = F85085EC1C3B96C50036231A /* NRDSectionModel.m */; };
		F85085F01C3B97330036231A /* UIView+NRDKit.m in Sources */ = {isa = PBXBuildFile; fileRef = F85085EF1C3B97330036231A /* UIView+NRDKit.m */; };
		F85085F31C3B9EBA0036231A /* NRDNormalLabSection.m in Sources */ = {isa = PBXBuildFile; fileRef = F85085F21C3B9EBA0036231A /* NRDNormalLabSection.m */; };
		F85085F61C3BA2490036231A /* NRDNormalLab_D_DetailLabSection.m in Sources */ = {isa = PBXBuildFile; fileRef = F85085F51C3BA2490036231A /* NRDNormalLab_D_DetailLabSection.m */; };
		F85085F91C3BA26A0036231A /* NRDNormalImgVLabSection.m in Sources */ = {isa = PBXBuildFile; fileRef = F85085F81C3BA26A0036231A /* NRDNormalImgVLabSection.m */; };
		F85085FC1C3BA28C0036231A /* NRDNormalImgVLab_D_DetailLabSection.m in Sources */ = {isa = PBXBuildFile; fileRef = F85085FB1C3BA28C0036231A /* NRDNormalImgVLab_D_DetailLabSection.m */; };
		F85085FF1C3BA2BE0036231A /* NRDHorzLineLabSection.m in Sources */ = {isa = PBXBuildFile; fileRef = F85085FE1C3BA2BE0036231A /* NRDHorzLineLabSection.m */; };
		F85086021C3BA2D00036231A /* NRDHorzLineLab_D_DetailLabSection.m in Sources */ = {isa = PBXBuildFile; fileRef = F85086011C3BA2D00036231A /* NRDHorzLineLab_D_DetailLabSection.m */; };
		F85086051C3BA2E40036231A /* NRDHorzLineImgVLabSection.m in Sources */ = {isa = PBXBuildFile; fileRef = F85086041C3BA2E40036231A /* NRDHorzLineImgVLabSection.m */; };
		F85086081C3BA2F30036231A /* NRDHorzLineImgVLab_D_DetailLabSection.m in Sources */ = {isa = PBXBuildFile; fileRef = F85086071C3BA2F30036231A /* NRDHorzLineImgVLab_D_DetailLabSection.m */; };
		F884A0281C2AD52B000A9F18 /* main.m in Sources */ = {isa = PBXBuildFile; fileRef = F884A0271C2AD52B000A9F18 /* main.m */; };
		F884A02B1C2AD52B000A9F18 /* AppDelegate.m in Sources */ = {isa = PBXBuildFile; fileRef = F884A02A1C2AD52B000A9F18 /* AppDelegate.m */; };
		F884A02E1C2AD52B000A9F18 /* ViewController.m in Sources */ = {isa = PBXBuildFile; fileRef = F884A02D1C2AD52B000A9F18 /* ViewController.m */; };
		F884A0311C2AD52B000A9F18 /* Main.storyboard in Resources */ = {isa = PBXBuildFile; fileRef = F884A02F1C2AD52B000A9F18 /* Main.storyboard */; };
		F884A0331C2AD52B000A9F18 /* Assets.xcassets in Resources */ = {isa = PBXBuildFile; fileRef = F884A0321C2AD52B000A9F18 /* Assets.xcassets */; };
		F884A0361C2AD52B000A9F18 /* LaunchScreen.storyboard in Resources */ = {isa = PBXBuildFile; fileRef = F884A0341C2AD52B000A9F18 /* LaunchScreen.storyboard */; };
		F88F931C1C313C0F008F5602 /* TestModel.m in Sources */ = {isa = PBXBuildFile; fileRef = F88F931B1C313C0F008F5602 /* TestModel.m */; };
		F8F0E7A41C3263E700616554 /* NRDFormCell.m in Sources */ = {isa = PBXBuildFile; fileRef = F8F0E7621C3263E700616554 /* NRDFormCell.m */; };
		F8F0E7A51C3263E700616554 /* NRDCellModel.m in Sources */ = {isa = PBXBuildFile; fileRef = F8F0E7651C3263E700616554 /* NRDCellModel.m */; };
		F8F0E7A61C3263E700616554 /* UITableViewCell+NRDKit.m in Sources */ = {isa = PBXBuildFile; fileRef = F8F0E7671C3263E700616554 /* UITableViewCell+NRDKit.m */; };
		F8F0E7C11C3263E700616554 /* singleBtnImage_normal@2x.png in Resources */ = {isa = PBXBuildFile; fileRef = F8F0E79E1C3263E700616554 /* singleBtnImage_normal@2x.png */; };
		F8F0E7C21C3263E700616554 /* singleBtnImage_normal@3x.png in Resources */ = {isa = PBXBuildFile; fileRef = F8F0E79F1C3263E700616554 /* singleBtnImage_normal@3x.png */; };
		F8F0E7C31C3263E700616554 /* singleBtnImage_selected@2x.png in Resources */ = {isa = PBXBuildFile; fileRef = F8F0E7A01C3263E700616554 /* singleBtnImage_selected@2x.png */; };
		F8F0E7C41C3263E700616554 /* singleBtnImage_selected@3x.png in Resources */ = {isa = PBXBuildFile; fileRef = F8F0E7A11C3263E700616554 /* singleBtnImage_selected@3x.png */; };
		F8F0E7C51C3263E700616554 /* NRDTableView.m in Sources */ = {isa = PBXBuildFile; fileRef = F8F0E7A31C3263E700616554 /* NRDTableView.m */; };
/* End PBXBuildFile section */

/* Begin PBXFileReference section */
		6C682B8A9E283CC8C01087B2 /* Pods.debug.xcconfig */ = {isa = PBXFileReference; includeInIndex = 1; lastKnownFileType = text.xcconfig; name = Pods.debug.xcconfig; path = "Pods/Target Support Files/Pods/Pods.debug.xcconfig"; sourceTree = "<group>"; };
		931A578D8F350F784634D9C8 /* Pods.release.xcconfig */ = {isa = PBXFileReference; includeInIndex = 1; lastKnownFileType = text.xcconfig; name = Pods.release.xcconfig; path = "Pods/Target Support Files/Pods/Pods.release.xcconfig"; sourceTree = "<group>"; };
		F019EC5863FCE7CD84F342E3 /* libPods.a */ = {isa = PBXFileReference; explicitFileType = archive.ar; includeInIndex = 0; path = libPods.a; sourceTree = BUILT_PRODUCTS_DIR; };
		F850857C1C3A929F0036231A /* cellArrowRight@2x.png */ = {isa = PBXFileReference; lastKnownFileType = image.png; path = "cellArrowRight@2x.png"; sourceTree = "<group>"; };
		F850857E1C3B57710036231A /* PersonalInfoVerifyTV.h */ = {isa = PBXFileReference; fileEncoding = 4; lastKnownFileType = sourcecode.c.h; path = PersonalInfoVerifyTV.h; sourceTree = "<group>"; };
		F850857F1C3B57710036231A /* PersonalInfoVerifyTV.m */ = {isa = PBXFileReference; fileEncoding = 4; lastKnownFileType = sourcecode.c.objc; path = PersonalInfoVerifyTV.m; sourceTree = "<group>"; };
		F85085841C3B64EF0036231A /* NRDCell.h */ = {isa = PBXFileReference; fileEncoding = 4; lastKnownFileType = sourcecode.c.h; path = NRDCell.h; sourceTree = "<group>"; };
		F85085851C3B64EF0036231A /* NRDCell.m */ = {isa = PBXFileReference; fileEncoding = 4; lastKnownFileType = sourcecode.c.objc; path = NRDCell.m; sourceTree = "<group>"; };
		F85085871C3B69F10036231A /* NRDDisplayCell.h */ = {isa = PBXFileReference; fileEncoding = 4; lastKnownFileType = sourcecode.c.h; path = NRDDisplayCell.h; sourceTree = "<group>"; };
		F85085881C3B69F10036231A /* NRDDisplayCell.m */ = {isa = PBXFileReference; fileEncoding = 4; lastKnownFileType = sourcecode.c.objc; path = NRDDisplayCell.m; sourceTree = "<group>"; };
		F850858B1C3B6BF10036231A /* NRDFormImageCell.h */ = {isa = PBXFileReference; fileEncoding = 4; lastKnownFileType = sourcecode.c.h; path = NRDFormImageCell.h; sourceTree = "<group>"; };
		F850858C1C3B6BF10036231A /* NRDFormImageCell.m */ = {isa = PBXFileReference; fileEncoding = 4; lastKnownFileType = sourcecode.c.objc; path = NRDFormImageCell.m; sourceTree = "<group>"; };
		F850858D1C3B6BF10036231A /* NRDFormLabelCell.h */ = {isa = PBXFileReference; fileEncoding = 4; lastKnownFileType = sourcecode.c.h; path = NRDFormLabelCell.h; sourceTree = "<group>"; };
		F850858E1C3B6BF10036231A /* NRDFormLabelCell.m */ = {isa = PBXFileReference; fileEncoding = 4; lastKnownFileType = sourcecode.c.objc; path = NRDFormLabelCell.m; sourceTree = "<group>"; };
		F85085901C3B6BF10036231A /* NRDImageLabel_D_DetailLabelArrowRightCell.h */ = {isa = PBXFileReference; fileEncoding = 4; lastKnownFileType = sourcecode.c.h; path = NRDImageLabel_D_DetailLabelArrowRightCell.h; sourceTree = "<group>"; };
		F85085911C3B6BF10036231A /* NRDImageLabel_D_DetailLabelArrowRightCell.m */ = {isa = PBXFileReference; fileEncoding = 4; lastKnownFileType = sourcecode.c.objc; path = NRDImageLabel_D_DetailLabelArrowRightCell.m; sourceTree = "<group>"; };
		F85085921C3B6BF10036231A /* NRDImageLabel_D_DetailLabelCell.h */ = {isa = PBXFileReference; fileEncoding = 4; lastKnownFileType = sourcecode.c.h; path = NRDImageLabel_D_DetailLabelCell.h; sourceTree = "<group>"; };
		F85085931C3B6BF10036231A /* NRDImageLabel_D_DetailLabelCell.m */ = {isa = PBXFileReference; fileEncoding = 4; lastKnownFileType = sourcecode.c.objc; path = NRDImageLabel_D_DetailLabelCell.m; sourceTree = "<group>"; };
		F85085941C3B6BF10036231A /* NRDImageLabelArrowRightCell.h */ = {isa = PBXFileReference; fileEncoding = 4; lastKnownFileType = sourcecode.c.h; path = NRDImageLabelArrowRightCell.h; sourceTree = "<group>"; };
		F85085951C3B6BF10036231A /* NRDImageLabelArrowRightCell.m */ = {isa = PBXFileReference; fileEncoding = 4; lastKnownFileType = sourcecode.c.objc; path = NRDImageLabelArrowRightCell.m; sourceTree = "<group>"; };
		F85085961C3B6BF10036231A /* NRDImageLabelCell.h */ = {isa = PBXFileReference; fileEncoding = 4; lastKnownFileType = sourcecode.c.h; path = NRDImageLabelCell.h; sourceTree = "<group>"; };
		F85085971C3B6BF10036231A /* NRDImageLabelCell.m */ = {isa = PBXFileReference; fileEncoding = 4; lastKnownFileType = sourcecode.c.objc; path = NRDImageLabelCell.m; sourceTree = "<group>"; };
		F85085981C3B6BF10036231A /* NRDImageLabelDetailLabelArrowRightCell.h */ = {isa = PBXFileReference; fileEncoding = 4; lastKnownFileType = sourcecode.c.h; path = NRDImageLabelDetailLabelArrowRightCell.h; sourceTree = "<group>"; };
		F85085991C3B6BF10036231A /* NRDImageLabelDetailLabelArrowRightCell.m */ = {isa = PBXFileReference; fileEncoding = 4; lastKnownFileType = sourcecode.c.objc; path = NRDImageLabelDetailLabelArrowRightCell.m; sourceTree = "<group>"; };
		F850859A1C3B6BF10036231A /* NRDImageLabelDetailLabelCell.h */ = {isa = PBXFileReference; fileEncoding = 4; lastKnownFileType = sourcecode.c.h; path = NRDImageLabelDetailLabelCell.h; sourceTree = "<group>"; };
		F850859B1C3B6BF10036231A /* NRDImageLabelDetailLabelCell.m */ = {isa = PBXFileReference; fileEncoding = 4; lastKnownFileType = sourcecode.c.objc; path = NRDImageLabelDetailLabelCell.m; sourceTree = "<group>"; };
		F850859C1C3B6BF10036231A /* NRDLabel_D_DetailLabelArrowRightCell.h */ = {isa = PBXFileReference; fileEncoding = 4; lastKnownFileType = sourcecode.c.h; path = NRDLabel_D_DetailLabelArrowRightCell.h; sourceTree = "<group>"; };
		F850859D1C3B6BF10036231A /* NRDLabel_D_DetailLabelArrowRightCell.m */ = {isa = PBXFileReference; fileEncoding = 4; lastKnownFileType = sourcecode.c.objc; path = NRDLabel_D_DetailLabelArrowRightCell.m; sourceTree = "<group>"; };
		F850859E1C3B6BF10036231A /* NRDLabel_D_DetailLabelCell.h */ = {isa = PBXFileReference; fileEncoding = 4; lastKnownFileType = sourcecode.c.h; path = NRDLabel_D_DetailLabelCell.h; sourceTree = "<group>"; };
		F850859F1C3B6BF10036231A /* NRDLabel_D_DetailLabelCell.m */ = {isa = PBXFileReference; fileEncoding = 4; lastKnownFileType = sourcecode.c.objc; path = NRDLabel_D_DetailLabelCell.m; sourceTree = "<group>"; };
		F85085A01C3B6BF10036231A /* NRDLabelArrowRightCell.h */ = {isa = PBXFileReference; fileEncoding = 4; lastKnownFileType = sourcecode.c.h; path = NRDLabelArrowRightCell.h; sourceTree = "<group>"; };
		F85085A11C3B6BF10036231A /* NRDLabelArrowRightCell.m */ = {isa = PBXFileReference; fileEncoding = 4; lastKnownFileType = sourcecode.c.objc; path = NRDLabelArrowRightCell.m; sourceTree = "<group>"; };
		F85085A21C3B6BF10036231A /* NRDLabelDetailLabelArrowRightCell.h */ = {isa = PBXFileReference; fileEncoding = 4; lastKnownFileType = sourcecode.c.h; path = NRDLabelDetailLabelArrowRightCell.h; sourceTree = "<group>"; };
		F85085A31C3B6BF10036231A /* NRDLabelDetailLabelArrowRightCell.m */ = {isa = PBXFileReference; fileEncoding = 4; lastKnownFileType = sourcecode.c.objc; path = NRDLabelDetailLabelArrowRightCell.m; sourceTree = "<group>"; };
		F85085A41C3B6BF10036231A /* NRDLabelDetailLabelCell.h */ = {isa = PBXFileReference; fileEncoding = 4; lastKnownFileType = sourcecode.c.h; path = NRDLabelDetailLabelCell.h; sourceTree = "<group>"; };
		F85085A51C3B6BF10036231A /* NRDLabelDetailLabelCell.m */ = {isa = PBXFileReference; fileEncoding = 4; lastKnownFileType = sourcecode.c.objc; path = NRDLabelDetailLabelCell.m; sourceTree = "<group>"; };
		F85085A61C3B6BF10036231A /* NRDLabelDetailLabelCell0.h */ = {isa = PBXFileReference; fileEncoding = 4; lastKnownFileType = sourcecode.c.h; path = NRDLabelDetailLabelCell0.h; sourceTree = "<group>"; };
		F85085A71C3B6BF10036231A /* NRDLabelDetailLabelCell0.m */ = {isa = PBXFileReference; fileEncoding = 4; lastKnownFileType = sourcecode.c.objc; path = NRDLabelDetailLabelCell0.m; sourceTree = "<group>"; };
		F85085A91C3B6BF10036231A /* NRDImageSingleBtnSingleBtnCell.h */ = {isa = PBXFileReference; fileEncoding = 4; lastKnownFileType = sourcecode.c.h; path = NRDImageSingleBtnSingleBtnCell.h; sourceTree = "<group>"; };
		F85085AA1C3B6BF10036231A /* NRDImageSingleBtnSingleBtnCell.m */ = {isa = PBXFileReference; fileEncoding = 4; lastKnownFileType = sourcecode.c.objc; path = NRDImageSingleBtnSingleBtnCell.m; sourceTree = "<group>"; };
		F85085AB1C3B6BF10036231A /* NRDImageTextFieldArrowRightCell.h */ = {isa = PBXFileReference; fileEncoding = 4; lastKnownFileType = sourcecode.c.h; path = NRDImageTextFieldArrowRightCell.h; sourceTree = "<group>"; };
		F85085AC1C3B6BF10036231A /* NRDImageTextFieldArrowRightCell.m */ = {isa = PBXFileReference; fileEncoding = 4; lastKnownFileType = sourcecode.c.objc; path = NRDImageTextFieldArrowRightCell.m; sourceTree = "<group>"; };
		F85085AD1C3B6BF10036231A /* NRDImageTextFieldCell.h */ = {isa = PBXFileReference; fileEncoding = 4; lastKnownFileType = sourcecode.c.h; path = NRDImageTextFieldCell.h; sourceTree = "<group>"; };
		F85085AE1C3B6BF10036231A /* NRDImageTextFieldCell.m */ = {isa = PBXFileReference; fileEncoding = 4; lastKnownFileType = sourcecode.c.objc; path = NRDImageTextFieldCell.m; sourceTree = "<group>"; };
		F85085AF1C3B6BF10036231A /* NRDImageTextFieldIdcardCell.h */ = {isa = PBXFileReference; fileEncoding = 4; lastKnownFileType = sourcecode.c.h; path = NRDImageTextFieldIdcardCell.h; sourceTree = "<group>"; };
		F85085B01C3B6BF10036231A /* NRDImageTextFieldIdcardCell.m */ = {isa = PBXFileReference; fileEncoding = 4; lastKnownFileType = sourcecode.c.objc; path = NRDImageTextFieldIdcardCell.m; sourceTree = "<group>"; };
		F85085B11C3B6BF10036231A /* NRDImageTextFieldNumCell.h */ = {isa = PBXFileReference; fileEncoding = 4; lastKnownFileType = sourcecode.c.h; path = NRDImageTextFieldNumCell.h; sourceTree = "<group>"; };
		F85085B21C3B6BF10036231A /* NRDImageTextFieldNumCell.m */ = {isa = PBXFileReference; fileEncoding = 4; lastKnownFileType = sourcecode.c.objc; path = NRDImageTextFieldNumCell.m; sourceTree = "<group>"; };
		F85085B31C3B6BF10036231A /* NRDImageTextFieldPswCell.h */ = {isa = PBXFileReference; fileEncoding = 4; lastKnownFileType = sourcecode.c.h; path = NRDImageTextFieldPswCell.h; sourceTree = "<group>"; };
		F85085B41C3B6BF10036231A /* NRDImageTextFieldPswCell.m */ = {isa = PBXFileReference; fileEncoding = 4; lastKnownFileType = sourcecode.c.objc; path = NRDImageTextFieldPswCell.m; sourceTree = "<group>"; };
		F85085B51C3B6BF10036231A /* NRDLabelSingleBtnSingleBtnCell.h */ = {isa = PBXFileReference; fileEncoding = 4; lastKnownFileType = sourcecode.c.h; path = NRDLabelSingleBtnSingleBtnCell.h; sourceTree = "<group>"; };
		F85085B61C3B6BF10036231A /* NRDLabelSingleBtnSingleBtnCell.m */ = {isa = PBXFileReference; fileEncoding = 4; lastKnownFileType = sourcecode.c.objc; path = NRDLabelSingleBtnSingleBtnCell.m; sourceTree = "<group>"; };
		F85085B71C3B6BF10036231A /* NRDLabelTextFieldArrowRightCell.h */ = {isa = PBXFileReference; fileEncoding = 4; lastKnownFileType = sourcecode.c.h; path = NRDLabelTextFieldArrowRightCell.h; sourceTree = "<group>"; };
		F85085B81C3B6BF10036231A /* NRDLabelTextFieldArrowRightCell.m */ = {isa = PBXFileReference; fileEncoding = 4; lastKnownFileType = sourcecode.c.objc; path = NRDLabelTextFieldArrowRightCell.m; sourceTree = "<group>"; };
		F85085B91C3B6BF10036231A /* NRDLabelTextFieldCell.h */ = {isa = PBXFileReference; fileEncoding = 4; lastKnownFileType = sourcecode.c.h; path = NRDLabelTextFieldCell.h; sourceTree = "<group>"; };
		F85085BA1C3B6BF10036231A /* NRDLabelTextFieldCell.m */ = {isa = PBXFileReference; fileEncoding = 4; lastKnownFileType = sourcecode.c.objc; path = NRDLabelTextFieldCell.m; sourceTree = "<group>"; };
		F85085BB1C3B6BF10036231A /* NRDLabelTextFieldIdcardCell.h */ = {isa = PBXFileReference; fileEncoding = 4; lastKnownFileType = sourcecode.c.h; path = NRDLabelTextFieldIdcardCell.h; sourceTree = "<group>"; };
		F85085BC1C3B6BF10036231A /* NRDLabelTextFieldIdcardCell.m */ = {isa = PBXFileReference; fileEncoding = 4; lastKnownFileType = sourcecode.c.objc; path = NRDLabelTextFieldIdcardCell.m; sourceTree = "<group>"; };
		F85085BD1C3B6BF10036231A /* NRDLabelTextFieldNumCell.h */ = {isa = PBXFileReference; fileEncoding = 4; lastKnownFileType = sourcecode.c.h; path = NRDLabelTextFieldNumCell.h; sourceTree = "<group>"; };
		F85085BE1C3B6BF10036231A /* NRDLabelTextFieldNumCell.m */ = {isa = PBXFileReference; fileEncoding = 4; lastKnownFileType = sourcecode.c.objc; path = NRDLabelTextFieldNumCell.m; sourceTree = "<group>"; };
		F85085BF1C3B6BF10036231A /* NRDLabelTextFieldPswCell.h */ = {isa = PBXFileReference; fileEncoding = 4; lastKnownFileType = sourcecode.c.h; path = NRDLabelTextFieldPswCell.h; sourceTree = "<group>"; };
		F85085C01C3B6BF10036231A /* NRDLabelTextFieldPswCell.m */ = {isa = PBXFileReference; fileEncoding = 4; lastKnownFileType = sourcecode.c.objc; path = NRDLabelTextFieldPswCell.m; sourceTree = "<group>"; };
		F85085DB1C3B6DFF0036231A /* NRDDisplayImageCell.h */ = {isa = PBXFileReference; fileEncoding = 4; lastKnownFileType = sourcecode.c.h; path = NRDDisplayImageCell.h; sourceTree = "<group>"; };
		F85085DC1C3B6DFF0036231A /* NRDDisplayImageCell.m */ = {isa = PBXFileReference; fileEncoding = 4; lastKnownFileType = sourcecode.c.objc; path = NRDDisplayImageCell.m; sourceTree = "<group>"; };
		F85085DE1C3B73B60036231A /* NRDDisplayLabelCell.h */ = {isa = PBXFileReference; fileEncoding = 4; lastKnownFileType = sourcecode.c.h; path = NRDDisplayLabelCell.h; sourceTree = "<group>"; };
		F85085DF1C3B73B60036231A /* NRDDisplayLabelCell.m */ = {isa = PBXFileReference; fileEncoding = 4; lastKnownFileType = sourcecode.c.objc; path = NRDDisplayLabelCell.m; sourceTree = "<group>"; };
		F85085E11C3B957B0036231A /* NRDSection.h */ = {isa = PBXFileReference; fileEncoding = 4; lastKnownFileType = sourcecode.c.h; path = NRDSection.h; sourceTree = "<group>"; };
		F85085E21C3B957B0036231A /* NRDSection.m */ = {isa = PBXFileReference; fileEncoding = 4; lastKnownFileType = sourcecode.c.objc; path = NRDSection.m; sourceTree = "<group>"; };
		F85085E41C3B95940036231A /* NRDSectionDefine.h */ = {isa = PBXFileReference; lastKnownFileType = sourcecode.c.h; path = NRDSectionDefine.h; sourceTree = "<group>"; };
		F85085E51C3B96600036231A /* NRDHorzLineSection.h */ = {isa = PBXFileReference; fileEncoding = 4; lastKnownFileType = sourcecode.c.h; path = NRDHorzLineSection.h; sourceTree = "<group>"; };
		F85085E61C3B96600036231A /* NRDHorzLineSection.m */ = {isa = PBXFileReference; fileEncoding = 4; lastKnownFileType = sourcecode.c.objc; path = NRDHorzLineSection.m; sourceTree = "<group>"; };
		F85085E81C3B968F0036231A /* NRDNormalSection.h */ = {isa = PBXFileReference; fileEncoding = 4; lastKnownFileType = sourcecode.c.h; path = NRDNormalSection.h; sourceTree = "<group>"; };
		F85085E91C3B968F0036231A /* NRDNormalSection.m */ = {isa = PBXFileReference; fileEncoding = 4; lastKnownFileType = sourcecode.c.objc; path = NRDNormalSection.m; sourceTree = "<group>"; };
		F85085EB1C3B96C50036231A /* NRDSectionModel.h */ = {isa = PBXFileReference; fileEncoding = 4; lastKnownFileType = sourcecode.c.h; path = NRDSectionModel.h; sourceTree = "<group>"; };
		F85085EC1C3B96C50036231A /* NRDSectionModel.m */ = {isa = PBXFileReference; fileEncoding = 4; lastKnownFileType = sourcecode.c.objc; path = NRDSectionModel.m; sourceTree = "<group>"; };
		F85085EE1C3B97330036231A /* UIView+NRDKit.h */ = {isa = PBXFileReference; fileEncoding = 4; lastKnownFileType = sourcecode.c.h; path = "UIView+NRDKit.h"; sourceTree = "<group>"; };
		F85085EF1C3B97330036231A /* UIView+NRDKit.m */ = {isa = PBXFileReference; fileEncoding = 4; lastKnownFileType = sourcecode.c.objc; path = "UIView+NRDKit.m"; sourceTree = "<group>"; };
		F85085F11C3B9EBA0036231A /* NRDNormalLabSection.h */ = {isa = PBXFileReference; fileEncoding = 4; lastKnownFileType = sourcecode.c.h; path = NRDNormalLabSection.h; sourceTree = "<group>"; };
		F85085F21C3B9EBA0036231A /* NRDNormalLabSection.m */ = {isa = PBXFileReference; fileEncoding = 4; lastKnownFileType = sourcecode.c.objc; path = NRDNormalLabSection.m; sourceTree = "<group>"; };
		F85085F41C3BA2490036231A /* NRDNormalLab_D_DetailLabSection.h */ = {isa = PBXFileReference; fileEncoding = 4; lastKnownFileType = sourcecode.c.h; path = NRDNormalLab_D_DetailLabSection.h; sourceTree = "<group>"; };
		F85085F51C3BA2490036231A /* NRDNormalLab_D_DetailLabSection.m */ = {isa = PBXFileReference; fileEncoding = 4; lastKnownFileType = sourcecode.c.objc; path = NRDNormalLab_D_DetailLabSection.m; sourceTree = "<group>"; };
		F85085F71C3BA26A0036231A /* NRDNormalImgVLabSection.h */ = {isa = PBXFileReference; fileEncoding = 4; lastKnownFileType = sourcecode.c.h; path = NRDNormalImgVLabSection.h; sourceTree = "<group>"; };
		F85085F81C3BA26A0036231A /* NRDNormalImgVLabSection.m */ = {isa = PBXFileReference; fileEncoding = 4; lastKnownFileType = sourcecode.c.objc; path = NRDNormalImgVLabSection.m; sourceTree = "<group>"; };
		F85085FA1C3BA28C0036231A /* NRDNormalImgVLab_D_DetailLabSection.h */ = {isa = PBXFileReference; fileEncoding = 4; lastKnownFileType = sourcecode.c.h; path = NRDNormalImgVLab_D_DetailLabSection.h; sourceTree = "<group>"; };
		F85085FB1C3BA28C0036231A /* NRDNormalImgVLab_D_DetailLabSection.m */ = {isa = PBXFileReference; fileEncoding = 4; lastKnownFileType = sourcecode.c.objc; path = NRDNormalImgVLab_D_DetailLabSection.m; sourceTree = "<group>"; };
		F85085FD1C3BA2BE0036231A /* NRDHorzLineLabSection.h */ = {isa = PBXFileReference; fileEncoding = 4; lastKnownFileType = sourcecode.c.h; path = NRDHorzLineLabSection.h; sourceTree = "<group>"; };
		F85085FE1C3BA2BE0036231A /* NRDHorzLineLabSection.m */ = {isa = PBXFileReference; fileEncoding = 4; lastKnownFileType = sourcecode.c.objc; path = NRDHorzLineLabSection.m; sourceTree = "<group>"; };
		F85086001C3BA2D00036231A /* NRDHorzLineLab_D_DetailLabSection.h */ = {isa = PBXFileReference; fileEncoding = 4; lastKnownFileType = sourcecode.c.h; path = NRDHorzLineLab_D_DetailLabSection.h; sourceTree = "<group>"; };
		F85086011C3BA2D00036231A /* NRDHorzLineLab_D_DetailLabSection.m */ = {isa = PBXFileReference; fileEncoding = 4; lastKnownFileType = sourcecode.c.objc; path = NRDHorzLineLab_D_DetailLabSection.m; sourceTree = "<group>"; };
		F85086031C3BA2E40036231A /* NRDHorzLineImgVLabSection.h */ = {isa = PBXFileReference; fileEncoding = 4; lastKnownFileType = sourcecode.c.h; path = NRDHorzLineImgVLabSection.h; sourceTree = "<group>"; };
		F85086041C3BA2E40036231A /* NRDHorzLineImgVLabSection.m */ = {isa = PBXFileReference; fileEncoding = 4; lastKnownFileType = sourcecode.c.objc; path = NRDHorzLineImgVLabSection.m; sourceTree = "<group>"; };
		F85086061C3BA2F30036231A /* NRDHorzLineImgVLab_D_DetailLabSection.h */ = {isa = PBXFileReference; fileEncoding = 4; lastKnownFileType = sourcecode.c.h; path = NRDHorzLineImgVLab_D_DetailLabSection.h; sourceTree = "<group>"; };
		F85086071C3BA2F30036231A /* NRDHorzLineImgVLab_D_DetailLabSection.m */ = {isa = PBXFileReference; fileEncoding = 4; lastKnownFileType = sourcecode.c.objc; path = NRDHorzLineImgVLab_D_DetailLabSection.m; sourceTree = "<group>"; };
		F884A0231C2AD52B000A9F18 /* TestSp.app */ = {isa = PBXFileReference; explicitFileType = wrapper.application; includeInIndex = 0; path = TestSp.app; sourceTree = BUILT_PRODUCTS_DIR; };
		F884A0271C2AD52B000A9F18 /* main.m */ = {isa = PBXFileReference; lastKnownFileType = sourcecode.c.objc; path = main.m; sourceTree = "<group>"; };
		F884A0291C2AD52B000A9F18 /* AppDelegate.h */ = {isa = PBXFileReference; lastKnownFileType = sourcecode.c.h; path = AppDelegate.h; sourceTree = "<group>"; };
		F884A02A1C2AD52B000A9F18 /* AppDelegate.m */ = {isa = PBXFileReference; lastKnownFileType = sourcecode.c.objc; path = AppDelegate.m; sourceTree = "<group>"; };
		F884A02C1C2AD52B000A9F18 /* ViewController.h */ = {isa = PBXFileReference; lastKnownFileType = sourcecode.c.h; path = ViewController.h; sourceTree = "<group>"; };
		F884A02D1C2AD52B000A9F18 /* ViewController.m */ = {isa = PBXFileReference; lastKnownFileType = sourcecode.c.objc; path = ViewController.m; sourceTree = "<group>"; };
		F884A0301C2AD52B000A9F18 /* Base */ = {isa = PBXFileReference; lastKnownFileType = file.storyboard; name = Base; path = Base.lproj/Main.storyboard; sourceTree = "<group>"; };
		F884A0321C2AD52B000A9F18 /* Assets.xcassets */ = {isa = PBXFileReference; lastKnownFileType = folder.assetcatalog; path = Assets.xcassets; sourceTree = "<group>"; };
		F884A0351C2AD52B000A9F18 /* Base */ = {isa = PBXFileReference; lastKnownFileType = file.storyboard; name = Base; path = Base.lproj/LaunchScreen.storyboard; sourceTree = "<group>"; };
		F884A0371C2AD52B000A9F18 /* Info.plist */ = {isa = PBXFileReference; lastKnownFileType = text.plist.xml; path = Info.plist; sourceTree = "<group>"; };
		F88F931A1C313C0F008F5602 /* TestModel.h */ = {isa = PBXFileReference; fileEncoding = 4; lastKnownFileType = sourcecode.c.h; path = TestModel.h; sourceTree = "<group>"; };
		F88F931B1C313C0F008F5602 /* TestModel.m */ = {isa = PBXFileReference; fileEncoding = 4; lastKnownFileType = sourcecode.c.objc; path = TestModel.m; sourceTree = "<group>"; };
		F8F0E7611C3263E700616554 /* NRDFormCell.h */ = {isa = PBXFileReference; fileEncoding = 4; lastKnownFileType = sourcecode.c.h; path = NRDFormCell.h; sourceTree = "<group>"; };
		F8F0E7621C3263E700616554 /* NRDFormCell.m */ = {isa = PBXFileReference; fileEncoding = 4; lastKnownFileType = sourcecode.c.objc; path = NRDFormCell.m; sourceTree = "<group>"; };
		F8F0E7631C3263E700616554 /* NRDCellDefine.h */ = {isa = PBXFileReference; fileEncoding = 4; lastKnownFileType = sourcecode.c.h; path = NRDCellDefine.h; sourceTree = "<group>"; };
		F8F0E7641C3263E700616554 /* NRDCellModel.h */ = {isa = PBXFileReference; fileEncoding = 4; lastKnownFileType = sourcecode.c.h; path = NRDCellModel.h; sourceTree = "<group>"; };
		F8F0E7651C3263E700616554 /* NRDCellModel.m */ = {isa = PBXFileReference; fileEncoding = 4; lastKnownFileType = sourcecode.c.objc; path = NRDCellModel.m; sourceTree = "<group>"; };
		F8F0E7661C3263E700616554 /* UITableViewCell+NRDKit.h */ = {isa = PBXFileReference; fileEncoding = 4; lastKnownFileType = sourcecode.c.h; path = "UITableViewCell+NRDKit.h"; sourceTree = "<group>"; };
		F8F0E7671C3263E700616554 /* UITableViewCell+NRDKit.m */ = {isa = PBXFileReference; fileEncoding = 4; lastKnownFileType = sourcecode.c.objc; path = "UITableViewCell+NRDKit.m"; sourceTree = "<group>"; };
		F8F0E79E1C3263E700616554 /* singleBtnImage_normal@2x.png */ = {isa = PBXFileReference; lastKnownFileType = image.png; path = "singleBtnImage_normal@2x.png"; sourceTree = "<group>"; };
		F8F0E79F1C3263E700616554 /* singleBtnImage_normal@3x.png */ = {isa = PBXFileReference; lastKnownFileType = image.png; path = "singleBtnImage_normal@3x.png"; sourceTree = "<group>"; };
		F8F0E7A01C3263E700616554 /* singleBtnImage_selected@2x.png */ = {isa = PBXFileReference; lastKnownFileType = image.png; path = "singleBtnImage_selected@2x.png"; sourceTree = "<group>"; };
		F8F0E7A11C3263E700616554 /* singleBtnImage_selected@3x.png */ = {isa = PBXFileReference; lastKnownFileType = image.png; path = "singleBtnImage_selected@3x.png"; sourceTree = "<group>"; };
		F8F0E7A21C3263E700616554 /* NRDTableView.h */ = {isa = PBXFileReference; fileEncoding = 4; lastKnownFileType = sourcecode.c.h; path = NRDTableView.h; sourceTree = "<group>"; };
		F8F0E7A31C3263E700616554 /* NRDTableView.m */ = {isa = PBXFileReference; fileEncoding = 4; lastKnownFileType = sourcecode.c.objc; path = NRDTableView.m; sourceTree = "<group>"; };
/* End PBXFileReference section */

/* Begin PBXFrameworksBuildPhase section */
		F884A0201C2AD52B000A9F18 /* Frameworks */ = {
			isa = PBXFrameworksBuildPhase;
			buildActionMask = 2147483647;
			files = (
				F5DBBAE3D1F8177E87A66884 /* libPods.a in Frameworks */,
			);
			runOnlyForDeploymentPostprocessing = 0;
		};
/* End PBXFrameworksBuildPhase section */

/* Begin PBXGroup section */
		1E41C98569674ECAD16E093A /* Frameworks */ = {
			isa = PBXGroup;
			children = (
				F019EC5863FCE7CD84F342E3 /* libPods.a */,
			);
			name = Frameworks;
			sourceTree = "<group>";
		};
		87192B9EB00A052EEED1A22F /* Pods */ = {
			isa = PBXGroup;
			children = (
				6C682B8A9E283CC8C01087B2 /* Pods.debug.xcconfig */,
				931A578D8F350F784634D9C8 /* Pods.release.xcconfig */,
			);
			name = Pods;
			sourceTree = "<group>";
		};
		F85085811C3B644E0036231A /* NRDSection */ = {
			isa = PBXGroup;
			children = (
				F85085821C3B644E0036231A /* Base */,
				F85085831C3B644E0036231A /* Sections */,
			);
			path = NRDSection;
			sourceTree = "<group>";
		};
		F85085821C3B644E0036231A /* Base */ = {
			isa = PBXGroup;
			children = (
				F85085E11C3B957B0036231A /* NRDSection.h */,
				F85085E21C3B957B0036231A /* NRDSection.m */,
				F85085E51C3B96600036231A /* NRDHorzLineSection.h */,
				F85085E61C3B96600036231A /* NRDHorzLineSection.m */,
				F85085E81C3B968F0036231A /* NRDNormalSection.h */,
				F85085E91C3B968F0036231A /* NRDNormalSection.m */,
				F85085EB1C3B96C50036231A /* NRDSectionModel.h */,
				F85085EC1C3B96C50036231A /* NRDSectionModel.m */,
				F85085E41C3B95940036231A /* NRDSectionDefine.h */,
				F85085EE1C3B97330036231A /* UIView+NRDKit.h */,
				F85085EF1C3B97330036231A /* UIView+NRDKit.m */,
			);
			path = Base;
			sourceTree = "<group>";
		};
		F85085831C3B644E0036231A /* Sections */ = {
			isa = PBXGroup;
			children = (
				F85085F11C3B9EBA0036231A /* NRDNormalLabSection.h */,
				F85085F21C3B9EBA0036231A /* NRDNormalLabSection.m */,
				F85085F41C3BA2490036231A /* NRDNormalLab_D_DetailLabSection.h */,
				F85085F51C3BA2490036231A /* NRDNormalLab_D_DetailLabSection.m */,
				F85085F71C3BA26A0036231A /* NRDNormalImgVLabSection.h */,
				F85085F81C3BA26A0036231A /* NRDNormalImgVLabSection.m */,
				F85085FA1C3BA28C0036231A /* NRDNormalImgVLab_D_DetailLabSection.h */,
				F85085FB1C3BA28C0036231A /* NRDNormalImgVLab_D_DetailLabSection.m */,
				F85085FD1C3BA2BE0036231A /* NRDHorzLineLabSection.h */,
				F85085FE1C3BA2BE0036231A /* NRDHorzLineLabSection.m */,
				F85086001C3BA2D00036231A /* NRDHorzLineLab_D_DetailLabSection.h */,
				F85086011C3BA2D00036231A /* NRDHorzLineLab_D_DetailLabSection.m */,
				F85086031C3BA2E40036231A /* NRDHorzLineImgVLabSection.h */,
				F85086041C3BA2E40036231A /* NRDHorzLineImgVLabSection.m */,
				F85086061C3BA2F30036231A /* NRDHorzLineImgVLab_D_DetailLabSection.h */,
				F85086071C3BA2F30036231A /* NRDHorzLineImgVLab_D_DetailLabSection.m */,
			);
			path = Sections;
			sourceTree = "<group>";
		};
		F850858A1C3B6BF10036231A /* Cells */ = {
			isa = PBXGroup;
			children = (
				F850858B1C3B6BF10036231A /* NRDFormImageCell.h */,
				F850858C1C3B6BF10036231A /* NRDFormImageCell.m */,
				F850858D1C3B6BF10036231A /* NRDFormLabelCell.h */,
				F850858E1C3B6BF10036231A /* NRDFormLabelCell.m */,
				F85085DB1C3B6DFF0036231A /* NRDDisplayImageCell.h */,
				F85085DC1C3B6DFF0036231A /* NRDDisplayImageCell.m */,
				F85085DE1C3B73B60036231A /* NRDDisplayLabelCell.h */,
				F85085DF1C3B73B60036231A /* NRDDisplayLabelCell.m */,
			);
			path = Cells;
			sourceTree = "<group>";
		};
		F850858F1C3B6BF10036231A /* DisplayCells */ = {
			isa = PBXGroup;
			children = (
				F85085961C3B6BF10036231A /* NRDImageLabelCell.h */,
				F85085971C3B6BF10036231A /* NRDImageLabelCell.m */,
				F85085941C3B6BF10036231A /* NRDImageLabelArrowRightCell.h */,
				F85085951C3B6BF10036231A /* NRDImageLabelArrowRightCell.m */,
				F850859A1C3B6BF10036231A /* NRDImageLabelDetailLabelCell.h */,
				F850859B1C3B6BF10036231A /* NRDImageLabelDetailLabelCell.m */,
				F85085981C3B6BF10036231A /* NRDImageLabelDetailLabelArrowRightCell.h */,
				F85085991C3B6BF10036231A /* NRDImageLabelDetailLabelArrowRightCell.m */,
				F85085921C3B6BF10036231A /* NRDImageLabel_D_DetailLabelCell.h */,
				F85085931C3B6BF10036231A /* NRDImageLabel_D_DetailLabelCell.m */,
				F85085901C3B6BF10036231A /* NRDImageLabel_D_DetailLabelArrowRightCell.h */,
				F85085911C3B6BF10036231A /* NRDImageLabel_D_DetailLabelArrowRightCell.m */,
				F85085A01C3B6BF10036231A /* NRDLabelArrowRightCell.h */,
				F85085A11C3B6BF10036231A /* NRDLabelArrowRightCell.m */,
				F85085A41C3B6BF10036231A /* NRDLabelDetailLabelCell.h */,
				F85085A51C3B6BF10036231A /* NRDLabelDetailLabelCell.m */,
				F85085A61C3B6BF10036231A /* NRDLabelDetailLabelCell0.h */,
				F85085A71C3B6BF10036231A /* NRDLabelDetailLabelCell0.m */,
				F85085A21C3B6BF10036231A /* NRDLabelDetailLabelArrowRightCell.h */,
				F85085A31C3B6BF10036231A /* NRDLabelDetailLabelArrowRightCell.m */,
				F850859C1C3B6BF10036231A /* NRDLabel_D_DetailLabelArrowRightCell.h */,
				F850859D1C3B6BF10036231A /* NRDLabel_D_DetailLabelArrowRightCell.m */,
				F850859E1C3B6BF10036231A /* NRDLabel_D_DetailLabelCell.h */,
				F850859F1C3B6BF10036231A /* NRDLabel_D_DetailLabelCell.m */,
			);
			path = DisplayCells;
			sourceTree = "<group>";
		};
		F85085A81C3B6BF10036231A /* FromCells */ = {
			isa = PBXGroup;
			children = (
				F85085A91C3B6BF10036231A /* NRDImageSingleBtnSingleBtnCell.h */,
				F85085AA1C3B6BF10036231A /* NRDImageSingleBtnSingleBtnCell.m */,
				F85085AB1C3B6BF10036231A /* NRDImageTextFieldArrowRightCell.h */,
				F85085AC1C3B6BF10036231A /* NRDImageTextFieldArrowRightCell.m */,
				F85085AD1C3B6BF10036231A /* NRDImageTextFieldCell.h */,
				F85085AE1C3B6BF10036231A /* NRDImageTextFieldCell.m */,
				F85085AF1C3B6BF10036231A /* NRDImageTextFieldIdcardCell.h */,
				F85085B01C3B6BF10036231A /* NRDImageTextFieldIdcardCell.m */,
				F85085B11C3B6BF10036231A /* NRDImageTextFieldNumCell.h */,
				F85085B21C3B6BF10036231A /* NRDImageTextFieldNumCell.m */,
				F85085B31C3B6BF10036231A /* NRDImageTextFieldPswCell.h */,
				F85085B41C3B6BF10036231A /* NRDImageTextFieldPswCell.m */,
				F85085B51C3B6BF10036231A /* NRDLabelSingleBtnSingleBtnCell.h */,
				F85085B61C3B6BF10036231A /* NRDLabelSingleBtnSingleBtnCell.m */,
				F85085B71C3B6BF10036231A /* NRDLabelTextFieldArrowRightCell.h */,
				F85085B81C3B6BF10036231A /* NRDLabelTextFieldArrowRightCell.m */,
				F85085B91C3B6BF10036231A /* NRDLabelTextFieldCell.h */,
				F85085BA1C3B6BF10036231A /* NRDLabelTextFieldCell.m */,
				F85085BB1C3B6BF10036231A /* NRDLabelTextFieldIdcardCell.h */,
				F85085BC1C3B6BF10036231A /* NRDLabelTextFieldIdcardCell.m */,
				F85085BD1C3B6BF10036231A /* NRDLabelTextFieldNumCell.h */,
				F85085BE1C3B6BF10036231A /* NRDLabelTextFieldNumCell.m */,
				F85085BF1C3B6BF10036231A /* NRDLabelTextFieldPswCell.h */,
				F85085C01C3B6BF10036231A /* NRDLabelTextFieldPswCell.m */,
			);
			path = FromCells;
			sourceTree = "<group>";
		};
		F884A01A1C2AD52B000A9F18 = {
			isa = PBXGroup;
			children = (
				F884A0251C2AD52B000A9F18 /* TestSp */,
				F884A0241C2AD52B000A9F18 /* Products */,
				87192B9EB00A052EEED1A22F /* Pods */,
				1E41C98569674ECAD16E093A /* Frameworks */,
			);
			sourceTree = "<group>";
		};
		F884A0241C2AD52B000A9F18 /* Products */ = {
			isa = PBXGroup;
			children = (
				F884A0231C2AD52B000A9F18 /* TestSp.app */,
			);
			name = Products;
			sourceTree = "<group>";
		};
		F884A0251C2AD52B000A9F18 /* TestSp */ = {
			isa = PBXGroup;
			children = (
				F8F0E75E1C3263E700616554 /* NRDTableView */,
				F884A0291C2AD52B000A9F18 /* AppDelegate.h */,
				F884A02A1C2AD52B000A9F18 /* AppDelegate.m */,
				F884A02C1C2AD52B000A9F18 /* ViewController.h */,
				F884A02D1C2AD52B000A9F18 /* ViewController.m */,
				F88F931A1C313C0F008F5602 /* TestModel.h */,
				F88F931B1C313C0F008F5602 /* TestModel.m */,
				F884A02F1C2AD52B000A9F18 /* Main.storyboard */,
				F884A0321C2AD52B000A9F18 /* Assets.xcassets */,
				F884A0341C2AD52B000A9F18 /* LaunchScreen.storyboard */,
				F884A0371C2AD52B000A9F18 /* Info.plist */,
				F884A0261C2AD52B000A9F18 /* Supporting Files */,
				F850857E1C3B57710036231A /* PersonalInfoVerifyTV.h */,
				F850857F1C3B57710036231A /* PersonalInfoVerifyTV.m */,
			);
			path = TestSp;
			sourceTree = "<group>";
		};
		F884A0261C2AD52B000A9F18 /* Supporting Files */ = {
			isa = PBXGroup;
			children = (
				F884A0271C2AD52B000A9F18 /* main.m */,
			);
			name = "Supporting Files";
			sourceTree = "<group>";
		};
		F8F0E75E1C3263E700616554 /* NRDTableView */ = {
			isa = PBXGroup;
			children = (
				F85085811C3B644E0036231A /* NRDSection */,
				F8F0E75F1C3263E700616554 /* NRDCell */,
				F8F0E7A21C3263E700616554 /* NRDTableView.h */,
				F8F0E7A31C3263E700616554 /* NRDTableView.m */,
			);
			path = NRDTableView;
			sourceTree = "<group>";
		};
		F8F0E75F1C3263E700616554 /* NRDCell */ = {
			isa = PBXGroup;
			children = (
				F8F0E7601C3263E700616554 /* Base */,
				F850858A1C3B6BF10036231A /* Cells */,
				F850858F1C3B6BF10036231A /* DisplayCells */,
				F85085A81C3B6BF10036231A /* FromCells */,
				F8F0E79D1C3263E700616554 /* Resource */,
			);
			path = NRDCell;
			sourceTree = "<group>";
		};
		F8F0E7601C3263E700616554 /* Base */ = {
			isa = PBXGroup;
			children = (
				F85085841C3B64EF0036231A /* NRDCell.h */,
				F85085851C3B64EF0036231A /* NRDCell.m */,
				F8F0E7611C3263E700616554 /* NRDFormCell.h */,
				F8F0E7621C3263E700616554 /* NRDFormCell.m */,
				F85085871C3B69F10036231A /* NRDDisplayCell.h */,
				F85085881C3B69F10036231A /* NRDDisplayCell.m */,
				F8F0E7641C3263E700616554 /* NRDCellModel.h */,
				F8F0E7651C3263E700616554 /* NRDCellModel.m */,
				F8F0E7631C3263E700616554 /* NRDCellDefine.h */,
				F8F0E7661C3263E700616554 /* UITableViewCell+NRDKit.h */,
				F8F0E7671C3263E700616554 /* UITableViewCell+NRDKit.m */,
			);
			path = Base;
			sourceTree = "<group>";
		};
		F8F0E79D1C3263E700616554 /* Resource */ = {
			isa = PBXGroup;
			children = (
				F850857C1C3A929F0036231A /* cellArrowRight@2x.png */,
				F8F0E79E1C3263E700616554 /* singleBtnImage_normal@2x.png */,
				F8F0E79F1C3263E700616554 /* singleBtnImage_normal@3x.png */,
				F8F0E7A01C3263E700616554 /* singleBtnImage_selected@2x.png */,
				F8F0E7A11C3263E700616554 /* singleBtnImage_selected@3x.png */,
			);
			path = Resource;
			sourceTree = "<group>";
		};
/* End PBXGroup section */

/* Begin PBXNativeTarget section */
		F884A0221C2AD52B000A9F18 /* TestSp */ = {
			isa = PBXNativeTarget;
			buildConfigurationList = F884A03A1C2AD52B000A9F18 /* Build configuration list for PBXNativeTarget "TestSp" */;
			buildPhases = (
				3953D754C8C24C9246092B07 /* Check Pods Manifest.lock */,
				F884A01F1C2AD52B000A9F18 /* Sources */,
				F884A0201C2AD52B000A9F18 /* Frameworks */,
				F884A0211C2AD52B000A9F18 /* Resources */,
				F293E2DF341F51F8811F6AC0 /* Embed Pods Frameworks */,
				293B596E0D18A658A05F8461 /* Copy Pods Resources */,
			);
			buildRules = (
			);
			dependencies = (
			);
			name = TestSp;
			productName = TestSp;
			productReference = F884A0231C2AD52B000A9F18 /* TestSp.app */;
			productType = "com.apple.product-type.application";
		};
/* End PBXNativeTarget section */

/* Begin PBXProject section */
		F884A01B1C2AD52B000A9F18 /* Project object */ = {
			isa = PBXProject;
			attributes = {
				LastUpgradeCheck = 0720;
				ORGANIZATIONNAME = wyh;
				TargetAttributes = {
					F884A0221C2AD52B000A9F18 = {
						CreatedOnToolsVersion = 7.2;
						DevelopmentTeam = UA8V3Z3VD7;
					};
				};
			};
			buildConfigurationList = F884A01E1C2AD52B000A9F18 /* Build configuration list for PBXProject "TestSp" */;
			compatibilityVersion = "Xcode 3.2";
			developmentRegion = English;
			hasScannedForEncodings = 0;
			knownRegions = (
				en,
				Base,
			);
			mainGroup = F884A01A1C2AD52B000A9F18;
			productRefGroup = F884A0241C2AD52B000A9F18 /* Products */;
			projectDirPath = "";
			projectRoot = "";
			targets = (
				F884A0221C2AD52B000A9F18 /* TestSp */,
			);
		};
/* End PBXProject section */

/* Begin PBXResourcesBuildPhase section */
		F884A0211C2AD52B000A9F18 /* Resources */ = {
			isa = PBXResourcesBuildPhase;
			buildActionMask = 2147483647;
			files = (
				F884A0361C2AD52B000A9F18 /* LaunchScreen.storyboard in Resources */,
				F8F0E7C21C3263E700616554 /* singleBtnImage_normal@3x.png in Resources */,
				F8F0E7C41C3263E700616554 /* singleBtnImage_selected@3x.png in Resources */,
				F850857D1C3A929F0036231A /* cellArrowRight@2x.png in Resources */,
				F884A0331C2AD52B000A9F18 /* Assets.xcassets in Resources */,
				F8F0E7C11C3263E700616554 /* singleBtnImage_normal@2x.png in Resources */,
				F8F0E7C31C3263E700616554 /* singleBtnImage_selected@2x.png in Resources */,
				F884A0311C2AD52B000A9F18 /* Main.storyboard in Resources */,
			);
			runOnlyForDeploymentPostprocessing = 0;
		};
/* End PBXResourcesBuildPhase section */

/* Begin PBXShellScriptBuildPhase section */
		293B596E0D18A658A05F8461 /* Copy Pods Resources */ = {
			isa = PBXShellScriptBuildPhase;
			buildActionMask = 2147483647;
			files = (
			);
			inputPaths = (
			);
			name = "Copy Pods Resources";
			outputPaths = (
			);
			runOnlyForDeploymentPostprocessing = 0;
			shellPath = /bin/sh;
			shellScript = "\"${SRCROOT}/Pods/Target Support Files/Pods/Pods-resources.sh\"\n";
			showEnvVarsInLog = 0;
		};
		3953D754C8C24C9246092B07 /* Check Pods Manifest.lock */ = {
			isa = PBXShellScriptBuildPhase;
			buildActionMask = 2147483647;
			files = (
			);
			inputPaths = (
			);
			name = "Check Pods Manifest.lock";
			outputPaths = (
			);
			runOnlyForDeploymentPostprocessing = 0;
			shellPath = /bin/sh;
			shellScript = "diff \"${PODS_ROOT}/../Podfile.lock\" \"${PODS_ROOT}/Manifest.lock\" > /dev/null\nif [[ $? != 0 ]] ; then\n    cat << EOM\nerror: The sandbox is not in sync with the Podfile.lock. Run 'pod install' or update your CocoaPods installation.\nEOM\n    exit 1\nfi\n";
			showEnvVarsInLog = 0;
		};
		F293E2DF341F51F8811F6AC0 /* Embed Pods Frameworks */ = {
			isa = PBXShellScriptBuildPhase;
			buildActionMask = 2147483647;
			files = (
			);
			inputPaths = (
			);
			name = "Embed Pods Frameworks";
			outputPaths = (
			);
			runOnlyForDeploymentPostprocessing = 0;
			shellPath = /bin/sh;
			shellScript = "\"${SRCROOT}/Pods/Target Support Files/Pods/Pods-frameworks.sh\"\n";
			showEnvVarsInLog = 0;
		};
/* End PBXShellScriptBuildPhase section */

/* Begin PBXSourcesBuildPhase section */
		F884A01F1C2AD52B000A9F18 /* Sources */ = {
			isa = PBXSourcesBuildPhase;
			buildActionMask = 2147483647;
			files = (
				F85085E31C3B957B0036231A /* NRDSection.m in Sources */,
				F85085CE1C3B6BF10036231A /* NRDLabelDetailLabelCell0.m in Sources */,
				F8F0E7A61C3263E700616554 /* UITableViewCell+NRDKit.m in Sources */,
				F85085C21C3B6BF10036231A /* NRDFormLabelCell.m in Sources */,
				F85085CA1C3B6BF10036231A /* NRDLabel_D_DetailLabelCell.m in Sources */,
				F85085801C3B57710036231A /* PersonalInfoVerifyTV.m in Sources */,
				F85085F01C3B97330036231A /* UIView+NRDKit.m in Sources */,
				F85085D71C3B6BF10036231A /* NRDLabelTextFieldCell.m in Sources */,
				F85085F31C3B9EBA0036231A /* NRDNormalLabSection.m in Sources */,
				F85085E01C3B73B60036231A /* NRDDisplayLabelCell.m in Sources */,
				F85085E71C3B96600036231A /* NRDHorzLineSection.m in Sources */,
				F85085D91C3B6BF10036231A /* NRDLabelTextFieldNumCell.m in Sources */,
				F85085CC1C3B6BF10036231A /* NRDLabelDetailLabelArrowRightCell.m in Sources */,
				F85085C81C3B6BF10036231A /* NRDImageLabelDetailLabelCell.m in Sources */,
				F85085D31C3B6BF10036231A /* NRDImageTextFieldNumCell.m in Sources */,
				F8F0E7A51C3263E700616554 /* NRDCellModel.m in Sources */,
				F85085FF1C3BA2BE0036231A /* NRDHorzLineLabSection.m in Sources */,
				F8F0E7A41C3263E700616554 /* NRDFormCell.m in Sources */,
				F85085DA1C3B6BF10036231A /* NRDLabelTextFieldPswCell.m in Sources */,
				F85085DD1C3B6DFF0036231A /* NRDDisplayImageCell.m in Sources */,
				F85086081C3BA2F30036231A /* NRDHorzLineImgVLab_D_DetailLabSection.m in Sources */,
				F85085C41C3B6BF10036231A /* NRDImageLabel_D_DetailLabelCell.m in Sources */,
				F85085D81C3B6BF10036231A /* NRDLabelTextFieldIdcardCell.m in Sources */,
				F85085C11C3B6BF10036231A /* NRDFormImageCell.m in Sources */,
				F884A02E1C2AD52B000A9F18 /* ViewController.m in Sources */,
				F85085D01C3B6BF10036231A /* NRDImageTextFieldArrowRightCell.m in Sources */,
				F85085CD1C3B6BF10036231A /* NRDLabelDetailLabelCell.m in Sources */,
				F85085C51C3B6BF10036231A /* NRDImageLabelArrowRightCell.m in Sources */,
				F884A02B1C2AD52B000A9F18 /* AppDelegate.m in Sources */,
				F85085C91C3B6BF10036231A /* NRDLabel_D_DetailLabelArrowRightCell.m in Sources */,
				F85085D41C3B6BF10036231A /* NRDImageTextFieldPswCell.m in Sources */,
				F85085C71C3B6BF10036231A /* NRDImageLabelDetailLabelArrowRightCell.m in Sources */,
				F85085CB1C3B6BF10036231A /* NRDLabelArrowRightCell.m in Sources */,
				F85085891C3B69F10036231A /* NRDDisplayCell.m in Sources */,
				F85085F91C3BA26A0036231A /* NRDNormalImgVLabSection.m in Sources */,
				F85085D51C3B6BF10036231A /* NRDLabelSingleBtnSingleBtnCell.m in Sources */,
				F85085C31C3B6BF10036231A /* NRDImageLabel_D_DetailLabelArrowRightCell.m in Sources */,
				F85085CF1C3B6BF10036231A /* NRDImageSingleBtnSingleBtnCell.m in Sources */,
				F85085D61C3B6BF10036231A /* NRDLabelTextFieldArrowRightCell.m in Sources */,
				F884A0281C2AD52B000A9F18 /* main.m in Sources */,
				F85086021C3BA2D00036231A /* NRDHorzLineLab_D_DetailLabSection.m in Sources */,
				F85086051C3BA2E40036231A /* NRDHorzLineImgVLabSection.m in Sources */,
				F85085C61C3B6BF10036231A /* NRDImageLabelCell.m in Sources */,
				F88F931C1C313C0F008F5602 /* TestModel.m in Sources */,
				F85085FC1C3BA28C0036231A /* NRDNormalImgVLab_D_DetailLabSection.m in Sources */,
				F85085EA1C3B968F0036231A /* NRDNormalSection.m in Sources */,
				F8F0E7C51C3263E700616554 /* NRDTableView.m in Sources */,
				F85085ED1C3B96C50036231A /* NRDSectionModel.m in Sources */,
				F85085D11C3B6BF10036231A /* NRDImageTextFieldCell.m in Sources */,
				F85085F61C3BA2490036231A /* NRDNormalLab_D_DetailLabSection.m in Sources */,
				F85085861C3B64EF0036231A /* NRDCell.m in Sources */,
				F85085D21C3B6BF10036231A /* NRDImageTextFieldIdcardCell.m in Sources */,
			);
			runOnlyForDeploymentPostprocessing = 0;
		};
/* End PBXSourcesBuildPhase section */

/* Begin PBXVariantGroup section */
		F884A02F1C2AD52B000A9F18 /* Main.storyboard */ = {
			isa = PBXVariantGroup;
			children = (
				F884A0301C2AD52B000A9F18 /* Base */,
			);
			name = Main.storyboard;
			sourceTree = "<group>";
		};
		F884A0341C2AD52B000A9F18 /* LaunchScreen.storyboard */ = {
			isa = PBXVariantGroup;
			children = (
				F884A0351C2AD52B000A9F18 /* Base */,
			);
			name = LaunchScreen.storyboard;
			sourceTree = "<group>";
		};
/* End PBXVariantGroup section */

/* Begin XCBuildConfiguration section */
		F884A0381C2AD52B000A9F18 /* Debug */ = {
			isa = XCBuildConfiguration;
			buildSettings = {
				ALWAYS_SEARCH_USER_PATHS = NO;
				CLANG_CXX_LANGUAGE_STANDARD = "gnu++0x";
				CLANG_CXX_LIBRARY = "libc++";
				CLANG_ENABLE_MODULES = YES;
				CLANG_ENABLE_OBJC_ARC = YES;
				CLANG_WARN_BOOL_CONVERSION = YES;
				CLANG_WARN_CONSTANT_CONVERSION = YES;
				CLANG_WARN_DIRECT_OBJC_ISA_USAGE = YES_ERROR;
				CLANG_WARN_EMPTY_BODY = YES;
				CLANG_WARN_ENUM_CONVERSION = YES;
				CLANG_WARN_INT_CONVERSION = YES;
				CLANG_WARN_OBJC_ROOT_CLASS = YES_ERROR;
				CLANG_WARN_UNREACHABLE_CODE = YES;
				CLANG_WARN__DUPLICATE_METHOD_MATCH = YES;
				"CODE_SIGN_IDENTITY[sdk=iphoneos*]" = "iPhone Developer";
				COPY_PHASE_STRIP = NO;
				DEBUG_INFORMATION_FORMAT = dwarf;
				ENABLE_STRICT_OBJC_MSGSEND = YES;
				ENABLE_TESTABILITY = YES;
				GCC_C_LANGUAGE_STANDARD = gnu99;
				GCC_DYNAMIC_NO_PIC = NO;
				GCC_NO_COMMON_BLOCKS = YES;
				GCC_OPTIMIZATION_LEVEL = 0;
				GCC_PREPROCESSOR_DEFINITIONS = (
					"DEBUG=1",
					"$(inherited)",
				);
				GCC_WARN_64_TO_32_BIT_CONVERSION = YES;
				GCC_WARN_ABOUT_RETURN_TYPE = YES_ERROR;
				GCC_WARN_UNDECLARED_SELECTOR = YES;
				GCC_WARN_UNINITIALIZED_AUTOS = YES_AGGRESSIVE;
				GCC_WARN_UNUSED_FUNCTION = YES;
				GCC_WARN_UNUSED_VARIABLE = YES;
				IPHONEOS_DEPLOYMENT_TARGET = 9.2;
				MTL_ENABLE_DEBUG_INFO = YES;
				ONLY_ACTIVE_ARCH = YES;
				SDKROOT = iphoneos;
			};
			name = Debug;
		};
		F884A0391C2AD52B000A9F18 /* Release */ = {
			isa = XCBuildConfiguration;
			buildSettings = {
				ALWAYS_SEARCH_USER_PATHS = NO;
				CLANG_CXX_LANGUAGE_STANDARD = "gnu++0x";
				CLANG_CXX_LIBRARY = "libc++";
				CLANG_ENABLE_MODULES = YES;
				CLANG_ENABLE_OBJC_ARC = YES;
				CLANG_WARN_BOOL_CONVERSION = YES;
				CLANG_WARN_CONSTANT_CONVERSION = YES;
				CLANG_WARN_DIRECT_OBJC_ISA_USAGE = YES_ERROR;
				CLANG_WARN_EMPTY_BODY = YES;
				CLANG_WARN_ENUM_CONVERSION = YES;
				CLANG_WARN_INT_CONVERSION = YES;
				CLANG_WARN_OBJC_ROOT_CLASS = YES_ERROR;
				CLANG_WARN_UNREACHABLE_CODE = YES;
				CLANG_WARN__DUPLICATE_METHOD_MATCH = YES;
				"CODE_SIGN_IDENTITY[sdk=iphoneos*]" = "iPhone Developer";
				COPY_PHASE_STRIP = NO;
				DEBUG_INFORMATION_FORMAT = "dwarf-with-dsym";
				ENABLE_NS_ASSERTIONS = NO;
				ENABLE_STRICT_OBJC_MSGSEND = YES;
				GCC_C_LANGUAGE_STANDARD = gnu99;
				GCC_NO_COMMON_BLOCKS = YES;
				GCC_WARN_64_TO_32_BIT_CONVERSION = YES;
				GCC_WARN_ABOUT_RETURN_TYPE = YES_ERROR;
				GCC_WARN_UNDECLARED_SELECTOR = YES;
				GCC_WARN_UNINITIALIZED_AUTOS = YES_AGGRESSIVE;
				GCC_WARN_UNUSED_FUNCTION = YES;
				GCC_WARN_UNUSED_VARIABLE = YES;
				IPHONEOS_DEPLOYMENT_TARGET = 9.2;
				MTL_ENABLE_DEBUG_INFO = NO;
				SDKROOT = iphoneos;
				VALIDATE_PRODUCT = YES;
			};
			name = Release;
		};
		F884A03B1C2AD52B000A9F18 /* Debug */ = {
			isa = XCBuildConfiguration;
			baseConfigurationReference = 6C682B8A9E283CC8C01087B2 /* Pods.debug.xcconfig */;
			buildSettings = {
				ASSETCATALOG_COMPILER_APPICON_NAME = AppIcon;
				INFOPLIST_FILE = TestSp/Info.plist;
				LD_RUNPATH_SEARCH_PATHS = "$(inherited) @executable_path/Frameworks";
				PRODUCT_BUNDLE_IDENTIFIER = com.wyh.TestSp;
				PRODUCT_NAME = "$(TARGET_NAME)";
			};
			name = Debug;
		};
		F884A03C1C2AD52B000A9F18 /* Release */ = {
			isa = XCBuildConfiguration;
			baseConfigurationReference = 931A578D8F350F784634D9C8 /* Pods.release.xcconfig */;
			buildSettings = {
				ASSETCATALOG_COMPILER_APPICON_NAME = AppIcon;
				INFOPLIST_FILE = TestSp/Info.plist;
				LD_RUNPATH_SEARCH_PATHS = "$(inherited) @executable_path/Frameworks";
				PRODUCT_BUNDLE_IDENTIFIER = com.wyh.TestSp;
				PRODUCT_NAME = "$(TARGET_NAME)";
			};
			name = Release;
		};
/* End XCBuildConfiguration section */

/* Begin XCConfigurationList section */
		F884A01E1C2AD52B000A9F18 /* Build configuration list for PBXProject "TestSp" */ = {
			isa = XCConfigurationList;
			buildConfigurations = (
				F884A0381C2AD52B000A9F18 /* Debug */,
				F884A0391C2AD52B000A9F18 /* Release */,
			);
			defaultConfigurationIsVisible = 0;
			defaultConfigurationName = Release;
		};
		F884A03A1C2AD52B000A9F18 /* Build configuration list for PBXNativeTarget "TestSp" */ = {
			isa = XCConfigurationList;
			buildConfigurations = (
				F884A03B1C2AD52B000A9F18 /* Debug */,
				F884A03C1C2AD52B000A9F18 /* Release */,
			);
			defaultConfigurationIsVisible = 0;
			defaultConfigurationName = Release;
		};
/* End XCConfigurationList section */
	};
	rootObject = F884A01B1C2AD52B000A9F18 /* Project object */;
}
